<?xml version="1.0" encoding="utf-8"?>
<Project ToolsVersion="17.0" xmlns="http://schemas.microsoft.com/developer/msbuild/2003">
  <ItemGroup>
    <ClCompile Include="D:\Download\Project_Fortran_Learn\test_make\jMetalCpp\src\core\Algorithm.cpp">
      <Filter>Source Files</Filter>
    </ClCompile>
    <ClCompile Include="D:\Download\Project_Fortran_Learn\test_make\jMetalCpp\src\core\Operator.cpp">
      <Filter>Source Files</Filter>
    </ClCompile>
    <ClCompile Include="D:\Download\Project_Fortran_Learn\test_make\jMetalCpp\src\core\Problem.cpp">
      <Filter>Source Files</Filter>
    </ClCompile>
    <ClCompile Include="D:\Download\Project_Fortran_Learn\test_make\jMetalCpp\src\core\Solution.cpp">
      <Filter>Source Files</Filter>
    </ClCompile>
    <ClCompile Include="D:\Download\Project_Fortran_Learn\test_make\jMetalCpp\src\core\SolutionSet.cpp">
      <Filter>Source Files</Filter>
    </ClCompile>
    <ClCompile Include="D:\Download\Project_Fortran_Learn\test_make\jMetalCpp\src\core\SolutionType.cpp">
      <Filter>Source Files</Filter>
    </ClCompile>
    <ClCompile Include="D:\Download\Project_Fortran_Learn\test_make\jMetalCpp\src\core\Variable.cpp">
      <Filter>Source Files</Filter>
    </ClCompile>
    <ClCompile Include="D:\Download\Project_Fortran_Learn\test_make\jMetalCpp\src\encodings\solutionType\ArrayRealSolutionType.cpp">
      <Filter>Source Files</Filter>
    </ClCompile>
    <ClCompile Include="D:\Download\Project_Fortran_Learn\test_make\jMetalCpp\src\encodings\solutionType\BinaryRealSolutionType.cpp">
      <Filter>Source Files</Filter>
    </ClCompile>
    <ClCompile Include="D:\Download\Project_Fortran_Learn\test_make\jMetalCpp\src\encodings\solutionType\BinarySolutionType.cpp">
      <Filter>Source Files</Filter>
    </ClCompile>
    <ClCompile Include="D:\Download\Project_Fortran_Learn\test_make\jMetalCpp\src\encodings\solutionType\IntNoneRepeatedSolutionType.cpp">
      <Filter>Source Files</Filter>
    </ClCompile>
    <ClCompile Include="D:\Download\Project_Fortran_Learn\test_make\jMetalCpp\src\encodings\solutionType\IntSolutionType.cpp">
      <Filter>Source Files</Filter>
    </ClCompile>
    <ClCompile Include="D:\Download\Project_Fortran_Learn\test_make\jMetalCpp\src\encodings\solutionType\RealSolutionType.cpp">
      <Filter>Source Files</Filter>
    </ClCompile>
    <ClCompile Include="D:\Download\Project_Fortran_Learn\test_make\jMetalCpp\src\encodings\variable\ArrayReal.cpp">
      <Filter>Source Files</Filter>
    </ClCompile>
    <ClCompile Include="D:\Download\Project_Fortran_Learn\test_make\jMetalCpp\src\encodings\variable\Binary.cpp">
      <Filter>Source Files</Filter>
    </ClCompile>
    <ClCompile Include="D:\Download\Project_Fortran_Learn\test_make\jMetalCpp\src\encodings\variable\BinaryReal.cpp">
      <Filter>Source Files</Filter>
    </ClCompile>
    <ClCompile Include="D:\Download\Project_Fortran_Learn\test_make\jMetalCpp\src\encodings\variable\Int.cpp">
      <Filter>Source Files</Filter>
    </ClCompile>
    <ClCompile Include="D:\Download\Project_Fortran_Learn\test_make\jMetalCpp\src\encodings\variable\Real.cpp">
      <Filter>Source Files</Filter>
    </ClCompile>
    <ClCompile Include="D:\Download\Project_Fortran_Learn\test_make\jMetalCpp\src\experiments\Experiment.cpp">
      <Filter>Source Files</Filter>
    </ClCompile>
    <ClCompile Include="D:\Download\Project_Fortran_Learn\test_make\jMetalCpp\src\experiments\ExperimentExecution.cpp">
      <Filter>Source Files</Filter>
    </ClCompile>
    <ClCompile Include="D:\Download\Project_Fortran_Learn\test_make\jMetalCpp\src\experiments\ExperimentIndividual.cpp">
      <Filter>Source Files</Filter>
    </ClCompile>
    <ClCompile Include="D:\Download\Project_Fortran_Learn\test_make\jMetalCpp\src\experiments\ExperimentReport.cpp">
      <Filter>Source Files</Filter>
    </ClCompile>
    <ClCompile Include="D:\Download\Project_Fortran_Learn\test_make\jMetalCpp\src\experiments\Settings.cpp">
      <Filter>Source Files</Filter>
    </ClCompile>
    <ClCompile Include="D:\Download\Project_Fortran_Learn\test_make\jMetalCpp\src\experiments\settings\DE_Settings.cpp">
      <Filter>Source Files</Filter>
    </ClCompile>
    <ClCompile Include="D:\Download\Project_Fortran_Learn\test_make\jMetalCpp\src\experiments\settings\GDE3_Settings.cpp">
      <Filter>Source Files</Filter>
    </ClCompile>
    <ClCompile Include="D:\Download\Project_Fortran_Learn\test_make\jMetalCpp\src\experiments\settings\NSGAII_Settings.cpp">
      <Filter>Source Files</Filter>
    </ClCompile>
    <ClCompile Include="D:\Download\Project_Fortran_Learn\test_make\jMetalCpp\src\experiments\settings\PSO_Settings.cpp">
      <Filter>Source Files</Filter>
    </ClCompile>
    <ClCompile Include="D:\Download\Project_Fortran_Learn\test_make\jMetalCpp\src\experiments\settings\SMPSO_Settings.cpp">
      <Filter>Source Files</Filter>
    </ClCompile>
    <ClCompile Include="D:\Download\Project_Fortran_Learn\test_make\jMetalCpp\src\experiments\settings\gGA_Settings.cpp">
      <Filter>Source Files</Filter>
    </ClCompile>
    <ClCompile Include="D:\Download\Project_Fortran_Learn\test_make\jMetalCpp\src\experiments\settings\ssGA_Settings.cpp">
      <Filter>Source Files</Filter>
    </ClCompile>
    <ClCompile Include="D:\Download\Project_Fortran_Learn\test_make\jMetalCpp\src\experiments\util\FileUtils.cpp">
      <Filter>Source Files</Filter>
    </ClCompile>
    <ClCompile Include="D:\Download\Project_Fortran_Learn\test_make\jMetalCpp\src\experiments\util\RBoxplot.cpp">
      <Filter>Source Files</Filter>
    </ClCompile>
    <ClCompile Include="D:\Download\Project_Fortran_Learn\test_make\jMetalCpp\src\experiments\util\RWilcoxon.cpp">
      <Filter>Source Files</Filter>
    </ClCompile>
    <ClCompile Include="D:\Download\Project_Fortran_Learn\test_make\jMetalCpp\src\experiments\util\RunExperiment.cpp">
      <Filter>Source Files</Filter>
    </ClCompile>
    <ClCompile Include="D:\Download\Project_Fortran_Learn\test_make\jMetalCpp\src\experiments\util\Statistics.cpp">
      <Filter>Source Files</Filter>
    </ClCompile>
    <ClCompile Include="D:\Download\Project_Fortran_Learn\test_make\jMetalCpp\src\main\Tester.cpp">
      <Filter>Source Files</Filter>
    </ClCompile>
    <ClCompile Include="D:\Download\Project_Fortran_Learn\test_make\jMetalCpp\src\metaheuristics\gde3\GDE3.cpp">
      <Filter>Source Files</Filter>
    </ClCompile>
    <ClCompile Include="D:\Download\Project_Fortran_Learn\test_make\jMetalCpp\src\metaheuristics\mochc\MOCHC.cpp">
      <Filter>Source Files</Filter>
    </ClCompile>
    <ClCompile Include="D:\Download\Project_Fortran_Learn\test_make\jMetalCpp\src\metaheuristics\moead\MOEAD.cpp">
      <Filter>Source Files</Filter>
    </ClCompile>
    <ClCompile Include="D:\Download\Project_Fortran_Learn\test_make\jMetalCpp\src\metaheuristics\moead\UtilsMOEAD.cpp">
      <Filter>Source Files</Filter>
    </ClCompile>
    <ClCompile Include="D:\Download\Project_Fortran_Learn\test_make\jMetalCpp\src\metaheuristics\nsgaII\NSGAII.cpp">
      <Filter>Source Files</Filter>
    </ClCompile>
    <ClCompile Include="D:\Download\Project_Fortran_Learn\test_make\jMetalCpp\src\metaheuristics\nsgaII\ssNSGAII.cpp">
      <Filter>Source Files</Filter>
    </ClCompile>
    <ClCompile Include="D:\Download\Project_Fortran_Learn\test_make\jMetalCpp\src\metaheuristics\omopso\OMOPSO.cpp">
      <Filter>Source Files</Filter>
    </ClCompile>
    <ClCompile Include="D:\Download\Project_Fortran_Learn\test_make\jMetalCpp\src\metaheuristics\paes\paes.cpp">
      <Filter>Source Files</Filter>
    </ClCompile>
    <ClCompile Include="D:\Download\Project_Fortran_Learn\test_make\jMetalCpp\src\metaheuristics\singleObjective\cmaes\CMAES.cpp">
      <Filter>Source Files</Filter>
    </ClCompile>
    <ClCompile Include="D:\Download\Project_Fortran_Learn\test_make\jMetalCpp\src\metaheuristics\singleObjective\cmaes\utils\UtilsCMAES.cpp">
      <Filter>Source Files</Filter>
    </ClCompile>
    <ClCompile Include="D:\Download\Project_Fortran_Learn\test_make\jMetalCpp\src\metaheuristics\singleObjective\differentialEvolution\DE.cpp">
      <Filter>Source Files</Filter>
    </ClCompile>
    <ClCompile Include="D:\Download\Project_Fortran_Learn\test_make\jMetalCpp\src\metaheuristics\singleObjective\geneticAlgorithm\gGA.cpp">
      <Filter>Source Files</Filter>
    </ClCompile>
    <ClCompile Include="D:\Download\Project_Fortran_Learn\test_make\jMetalCpp\src\metaheuristics\singleObjective\geneticAlgorithm\ssGA.cpp">
      <Filter>Source Files</Filter>
    </ClCompile>
    <ClCompile Include="D:\Download\Project_Fortran_Learn\test_make\jMetalCpp\src\metaheuristics\singleObjective\greyWolfOptimizer\GWO.cpp">
      <Filter>Source Files</Filter>
    </ClCompile>
    <ClCompile Include="D:\Download\Project_Fortran_Learn\test_make\jMetalCpp\src\metaheuristics\singleObjective\mothFlameOptimizer\MFO.cpp">
      <Filter>Source Files</Filter>
    </ClCompile>
    <ClCompile Include="D:\Download\Project_Fortran_Learn\test_make\jMetalCpp\src\metaheuristics\singleObjective\particleSwarmOptimization\PSO.cpp">
      <Filter>Source Files</Filter>
    </ClCompile>
    <ClCompile Include="D:\Download\Project_Fortran_Learn\test_make\jMetalCpp\src\metaheuristics\singleObjective\particleSwarmOptimization\StandardPSO2007.cpp">
      <Filter>Source Files</Filter>
    </ClCompile>
    <ClCompile Include="D:\Download\Project_Fortran_Learn\test_make\jMetalCpp\src\metaheuristics\singleObjective\particleSwarmOptimization\StandardPSO2011.cpp">
      <Filter>Source Files</Filter>
    </ClCompile>
    <ClCompile Include="D:\Download\Project_Fortran_Learn\test_make\jMetalCpp\src\metaheuristics\singleObjective\whaleOptimizer\WOA.cpp">
      <Filter>Source Files</Filter>
    </ClCompile>
    <ClCompile Include="D:\Download\Project_Fortran_Learn\test_make\jMetalCpp\src\metaheuristics\smpso\SMPSO.cpp">
      <Filter>Source Files</Filter>
    </ClCompile>
    <ClCompile Include="D:\Download\Project_Fortran_Learn\test_make\jMetalCpp\src\metaheuristics\smpso\SMPSOhv.cpp">
      <Filter>Source Files</Filter>
    </ClCompile>
    <ClCompile Include="D:\Download\Project_Fortran_Learn\test_make\jMetalCpp\src\metaheuristics\smsemoa\FastSMSEMOA.cpp">
      <Filter>Source Files</Filter>
    </ClCompile>
    <ClCompile Include="D:\Download\Project_Fortran_Learn\test_make\jMetalCpp\src\metaheuristics\smsemoa\SMSEMOA.cpp">
      <Filter>Source Files</Filter>
    </ClCompile>
    <ClCompile Include="D:\Download\Project_Fortran_Learn\test_make\jMetalCpp\src\operators\crossover\Crossover.cpp">
      <Filter>Source Files</Filter>
    </ClCompile>
    <ClCompile Include="D:\Download\Project_Fortran_Learn\test_make\jMetalCpp\src\operators\crossover\DifferentialEvolutionCrossover.cpp">
      <Filter>Source Files</Filter>
    </ClCompile>
    <ClCompile Include="D:\Download\Project_Fortran_Learn\test_make\jMetalCpp\src\operators\crossover\HUXCrossover.cpp">
      <Filter>Source Files</Filter>
    </ClCompile>
    <ClCompile Include="D:\Download\Project_Fortran_Learn\test_make\jMetalCpp\src\operators\crossover\OXCrossover.cpp">
      <Filter>Source Files</Filter>
    </ClCompile>
    <ClCompile Include="D:\Download\Project_Fortran_Learn\test_make\jMetalCpp\src\operators\crossover\PositionBasedCrossover.cpp">
      <Filter>Source Files</Filter>
    </ClCompile>
    <ClCompile Include="D:\Download\Project_Fortran_Learn\test_make\jMetalCpp\src\operators\crossover\SBXCrossover.cpp">
      <Filter>Source Files</Filter>
    </ClCompile>
    <ClCompile Include="D:\Download\Project_Fortran_Learn\test_make\jMetalCpp\src\operators\crossover\SinglePointCrossover.cpp">
      <Filter>Source Files</Filter>
    </ClCompile>
    <ClCompile Include="D:\Download\Project_Fortran_Learn\test_make\jMetalCpp\src\operators\mutation\BitFlipMutation.cpp">
      <Filter>Source Files</Filter>
    </ClCompile>
    <ClCompile Include="D:\Download\Project_Fortran_Learn\test_make\jMetalCpp\src\operators\mutation\InsertionMutation.cpp">
      <Filter>Source Files</Filter>
    </ClCompile>
    <ClCompile Include="D:\Download\Project_Fortran_Learn\test_make\jMetalCpp\src\operators\mutation\InversionMutation.cpp">
      <Filter>Source Files</Filter>
    </ClCompile>
    <ClCompile Include="D:\Download\Project_Fortran_Learn\test_make\jMetalCpp\src\operators\mutation\Mutation.cpp">
      <Filter>Source Files</Filter>
    </ClCompile>
    <ClCompile Include="D:\Download\Project_Fortran_Learn\test_make\jMetalCpp\src\operators\mutation\NonUniformMutation.cpp">
      <Filter>Source Files</Filter>
    </ClCompile>
    <ClCompile Include="D:\Download\Project_Fortran_Learn\test_make\jMetalCpp\src\operators\mutation\PolynomialMutation.cpp">
      <Filter>Source Files</Filter>
    </ClCompile>
    <ClCompile Include="D:\Download\Project_Fortran_Learn\test_make\jMetalCpp\src\operators\mutation\UniformMutation.cpp">
      <Filter>Source Files</Filter>
    </ClCompile>
    <ClCompile Include="D:\Download\Project_Fortran_Learn\test_make\jMetalCpp\src\operators\selection\BestSolutionSelection.cpp">
      <Filter>Source Files</Filter>
    </ClCompile>
    <ClCompile Include="D:\Download\Project_Fortran_Learn\test_make\jMetalCpp\src\operators\selection\BinaryTournament.cpp">
      <Filter>Source Files</Filter>
    </ClCompile>
    <ClCompile Include="D:\Download\Project_Fortran_Learn\test_make\jMetalCpp\src\operators\selection\BinaryTournament2.cpp">
      <Filter>Source Files</Filter>
    </ClCompile>
    <ClCompile Include="D:\Download\Project_Fortran_Learn\test_make\jMetalCpp\src\operators\selection\DifferentialEvolutionSelection.cpp">
      <Filter>Source Files</Filter>
    </ClCompile>
    <ClCompile Include="D:\Download\Project_Fortran_Learn\test_make\jMetalCpp\src\operators\selection\RandomSelection.cpp">
      <Filter>Source Files</Filter>
    </ClCompile>
    <ClCompile Include="D:\Download\Project_Fortran_Learn\test_make\jMetalCpp\src\operators\selection\Selection.cpp">
      <Filter>Source Files</Filter>
    </ClCompile>
    <ClCompile Include="D:\Download\Project_Fortran_Learn\test_make\jMetalCpp\src\operators\selection\WorstSolutionSelection.cpp">
      <Filter>Source Files</Filter>
    </ClCompile>
    <ClCompile Include="D:\Download\Project_Fortran_Learn\test_make\jMetalCpp\src\problems\DTLZ\DTLZ1.cpp">
      <Filter>Source Files</Filter>
    </ClCompile>
    <ClCompile Include="D:\Download\Project_Fortran_Learn\test_make\jMetalCpp\src\problems\DTLZ\DTLZ2.cpp">
      <Filter>Source Files</Filter>
    </ClCompile>
    <ClCompile Include="D:\Download\Project_Fortran_Learn\test_make\jMetalCpp\src\problems\DTLZ\DTLZ3.cpp">
      <Filter>Source Files</Filter>
    </ClCompile>
    <ClCompile Include="D:\Download\Project_Fortran_Learn\test_make\jMetalCpp\src\problems\DTLZ\DTLZ4.cpp">
      <Filter>Source Files</Filter>
    </ClCompile>
    <ClCompile Include="D:\Download\Project_Fortran_Learn\test_make\jMetalCpp\src\problems\DTLZ\DTLZ5.cpp">
      <Filter>Source Files</Filter>
    </ClCompile>
    <ClCompile Include="D:\Download\Project_Fortran_Learn\test_make\jMetalCpp\src\problems\DTLZ\DTLZ6.cpp">
      <Filter>Source Files</Filter>
    </ClCompile>
    <ClCompile Include="D:\Download\Project_Fortran_Learn\test_make\jMetalCpp\src\problems\DTLZ\DTLZ7.cpp">
      <Filter>Source Files</Filter>
    </ClCompile>
    <ClCompile Include="D:\Download\Project_Fortran_Learn\test_make\jMetalCpp\src\problems\Fonseca.cpp">
      <Filter>Source Files</Filter>
    </ClCompile>
    <ClCompile Include="D:\Download\Project_Fortran_Learn\test_make\jMetalCpp\src\problems\Kursawe.cpp">
      <Filter>Source Files</Filter>
    </ClCompile>
    <ClCompile Include="D:\Download\Project_Fortran_Learn\test_make\jMetalCpp\src\problems\LZ09\LZ09.cpp">
      <Filter>Source Files</Filter>
    </ClCompile>
    <ClCompile Include="D:\Download\Project_Fortran_Learn\test_make\jMetalCpp\src\problems\LZ09\LZ09_F1.cpp">
      <Filter>Source Files</Filter>
    </ClCompile>
    <ClCompile Include="D:\Download\Project_Fortran_Learn\test_make\jMetalCpp\src\problems\LZ09\LZ09_F2.cpp">
      <Filter>Source Files</Filter>
    </ClCompile>
    <ClCompile Include="D:\Download\Project_Fortran_Learn\test_make\jMetalCpp\src\problems\LZ09\LZ09_F3.cpp">
      <Filter>Source Files</Filter>
    </ClCompile>
    <ClCompile Include="D:\Download\Project_Fortran_Learn\test_make\jMetalCpp\src\problems\LZ09\LZ09_F4.cpp">
      <Filter>Source Files</Filter>
    </ClCompile>
    <ClCompile Include="D:\Download\Project_Fortran_Learn\test_make\jMetalCpp\src\problems\LZ09\LZ09_F5.cpp">
      <Filter>Source Files</Filter>
    </ClCompile>
    <ClCompile Include="D:\Download\Project_Fortran_Learn\test_make\jMetalCpp\src\problems\LZ09\LZ09_F6.cpp">
      <Filter>Source Files</Filter>
    </ClCompile>
    <ClCompile Include="D:\Download\Project_Fortran_Learn\test_make\jMetalCpp\src\problems\LZ09\LZ09_F7.cpp">
      <Filter>Source Files</Filter>
    </ClCompile>
    <ClCompile Include="D:\Download\Project_Fortran_Learn\test_make\jMetalCpp\src\problems\LZ09\LZ09_F8.cpp">
      <Filter>Source Files</Filter>
    </ClCompile>
    <ClCompile Include="D:\Download\Project_Fortran_Learn\test_make\jMetalCpp\src\problems\LZ09\LZ09_F9.cpp">
      <Filter>Source Files</Filter>
    </ClCompile>
    <ClCompile Include="D:\Download\Project_Fortran_Learn\test_make\jMetalCpp\src\problems\ProblemFactory.cpp">
      <Filter>Source Files</Filter>
    </ClCompile>
    <ClCompile Include="D:\Download\Project_Fortran_Learn\test_make\jMetalCpp\src\problems\Schaffer.cpp">
      <Filter>Source Files</Filter>
    </ClCompile>
    <ClCompile Include="D:\Download\Project_Fortran_Learn\test_make\jMetalCpp\src\problems\Srinivas.cpp">
      <Filter>Source Files</Filter>
    </ClCompile>
    <ClCompile Include="D:\Download\Project_Fortran_Learn\test_make\jMetalCpp\src\problems\Tanaka.cpp">
      <Filter>Source Files</Filter>
    </ClCompile>
    <ClCompile Include="D:\Download\Project_Fortran_Learn\test_make\jMetalCpp\src\problems\ZDT\ZDT1.cpp">
      <Filter>Source Files</Filter>
    </ClCompile>
    <ClCompile Include="D:\Download\Project_Fortran_Learn\test_make\jMetalCpp\src\problems\ZDT\ZDT2.cpp">
      <Filter>Source Files</Filter>
    </ClCompile>
    <ClCompile Include="D:\Download\Project_Fortran_Learn\test_make\jMetalCpp\src\problems\ZDT\ZDT3.cpp">
      <Filter>Source Files</Filter>
    </ClCompile>
    <ClCompile Include="D:\Download\Project_Fortran_Learn\test_make\jMetalCpp\src\problems\ZDT\ZDT4.cpp">
      <Filter>Source Files</Filter>
    </ClCompile>
    <ClCompile Include="D:\Download\Project_Fortran_Learn\test_make\jMetalCpp\src\problems\ZDT\ZDT5.cpp">
      <Filter>Source Files</Filter>
    </ClCompile>
    <ClCompile Include="D:\Download\Project_Fortran_Learn\test_make\jMetalCpp\src\problems\ZDT\ZDT6.cpp">
      <Filter>Source Files</Filter>
    </ClCompile>
    <ClCompile Include="D:\Download\Project_Fortran_Learn\test_make\jMetalCpp\src\problems\singleObjective\CEC2005Problem.cpp">
      <Filter>Source Files</Filter>
    </ClCompile>
    <ClCompile Include="D:\Download\Project_Fortran_Learn\test_make\jMetalCpp\src\problems\singleObjective\Griewank.cpp">
      <Filter>Source Files</Filter>
    </ClCompile>
    <ClCompile Include="D:\Download\Project_Fortran_Learn\test_make\jMetalCpp\src\problems\singleObjective\OneMax.cpp">
      <Filter>Source Files</Filter>
    </ClCompile>
    <ClCompile Include="D:\Download\Project_Fortran_Learn\test_make\jMetalCpp\src\problems\singleObjective\Rastrigin.cpp">
      <Filter>Source Files</Filter>
    </ClCompile>
    <ClCompile Include="D:\Download\Project_Fortran_Learn\test_make\jMetalCpp\src\problems\singleObjective\Rosenbrock.cpp">
      <Filter>Source Files</Filter>
    </ClCompile>
    <ClCompile Include="D:\Download\Project_Fortran_Learn\test_make\jMetalCpp\src\problems\singleObjective\Sphere.cpp">
      <Filter>Source Files</Filter>
    </ClCompile>
    <ClCompile Include="D:\Download\Project_Fortran_Learn\test_make\jMetalCpp\src\problems\singleObjective\cec2005Competition\Benchmark.cpp">
      <Filter>Source Files</Filter>
    </ClCompile>
    <ClCompile Include="D:\Download\Project_Fortran_Learn\test_make\jMetalCpp\src\problems\singleObjective\cec2005Competition\F01ShiftedSphere.cpp">
      <Filter>Source Files</Filter>
    </ClCompile>
    <ClCompile Include="D:\Download\Project_Fortran_Learn\test_make\jMetalCpp\src\problems\singleObjective\cec2005Competition\F02ShiftedSchwefel.cpp">
      <Filter>Source Files</Filter>
    </ClCompile>
    <ClCompile Include="D:\Download\Project_Fortran_Learn\test_make\jMetalCpp\src\problems\singleObjective\cec2005Competition\F03ShiftedRotatedHighCondElliptic.cpp">
      <Filter>Source Files</Filter>
    </ClCompile>
    <ClCompile Include="D:\Download\Project_Fortran_Learn\test_make\jMetalCpp\src\problems\singleObjective\cec2005Competition\F04ShiftedSchwefelNoise.cpp">
      <Filter>Source Files</Filter>
    </ClCompile>
    <ClCompile Include="D:\Download\Project_Fortran_Learn\test_make\jMetalCpp\src\problems\singleObjective\cec2005Competition\F05SchwefelGlobalOptBound.cpp">
      <Filter>Source Files</Filter>
    </ClCompile>
    <ClCompile Include="D:\Download\Project_Fortran_Learn\test_make\jMetalCpp\src\problems\singleObjective\cec2005Competition\F06ShiftedRosenbrock.cpp">
      <Filter>Source Files</Filter>
    </ClCompile>
    <ClCompile Include="D:\Download\Project_Fortran_Learn\test_make\jMetalCpp\src\problems\singleObjective\cec2005Competition\F07ShiftedRotatedGriewank.cpp">
      <Filter>Source Files</Filter>
    </ClCompile>
    <ClCompile Include="D:\Download\Project_Fortran_Learn\test_make\jMetalCpp\src\problems\singleObjective\cec2005Competition\F08ShiftedRotatedAckleyGlobalOptBound.cpp">
      <Filter>Source Files</Filter>
    </ClCompile>
    <ClCompile Include="D:\Download\Project_Fortran_Learn\test_make\jMetalCpp\src\problems\singleObjective\cec2005Competition\F09ShiftedRastrigin.cpp">
      <Filter>Source Files</Filter>
    </ClCompile>
    <ClCompile Include="D:\Download\Project_Fortran_Learn\test_make\jMetalCpp\src\problems\singleObjective\cec2005Competition\F10ShiftedRotatedRastrigin.cpp">
      <Filter>Source Files</Filter>
    </ClCompile>
    <ClCompile Include="D:\Download\Project_Fortran_Learn\test_make\jMetalCpp\src\problems\singleObjective\cec2005Competition\F11ShiftedRotatedWeierstrass.cpp">
      <Filter>Source Files</Filter>
    </ClCompile>
    <ClCompile Include="D:\Download\Project_Fortran_Learn\test_make\jMetalCpp\src\problems\singleObjective\cec2005Competition\F12Schwefel.cpp">
      <Filter>Source Files</Filter>
    </ClCompile>
    <ClCompile Include="D:\Download\Project_Fortran_Learn\test_make\jMetalCpp\src\problems\singleObjective\cec2005Competition\F13ShiftedExpandedGriewankRosenbrock.cpp">
      <Filter>Source Files</Filter>
    </ClCompile>
    <ClCompile Include="D:\Download\Project_Fortran_Learn\test_make\jMetalCpp\src\problems\singleObjective\cec2005Competition\F14ShiftedRotatedExpandedScaffer.cpp">
      <Filter>Source Files</Filter>
    </ClCompile>
    <ClCompile Include="D:\Download\Project_Fortran_Learn\test_make\jMetalCpp\src\problems\singleObjective\cec2005Competition\F15HybridComposition1.cpp">
      <Filter>Source Files</Filter>
    </ClCompile>
    <ClCompile Include="D:\Download\Project_Fortran_Learn\test_make\jMetalCpp\src\problems\singleObjective\cec2005Competition\F16RotatedHybridComposition1.cpp">
      <Filter>Source Files</Filter>
    </ClCompile>
    <ClCompile Include="D:\Download\Project_Fortran_Learn\test_make\jMetalCpp\src\problems\singleObjective\cec2005Competition\F17RotatedHybridComposition1Noise.cpp">
      <Filter>Source Files</Filter>
    </ClCompile>
    <ClCompile Include="D:\Download\Project_Fortran_Learn\test_make\jMetalCpp\src\problems\singleObjective\cec2005Competition\F18RotatedHybridComposition2.cpp">
      <Filter>Source Files</Filter>
    </ClCompile>
    <ClCompile Include="D:\Download\Project_Fortran_Learn\test_make\jMetalCpp\src\problems\singleObjective\cec2005Competition\F19RotatedHybridComposition2NarrowBasinGlobalOpt.cpp">
      <Filter>Source Files</Filter>
    </ClCompile>
    <ClCompile Include="D:\Download\Project_Fortran_Learn\test_make\jMetalCpp\src\problems\singleObjective\cec2005Competition\F20RotatedHybridComposition2GlobalOptBound.cpp">
      <Filter>Source Files</Filter>
    </ClCompile>
    <ClCompile Include="D:\Download\Project_Fortran_Learn\test_make\jMetalCpp\src\problems\singleObjective\cec2005Competition\F21RotatedHybridComposition3.cpp">
      <Filter>Source Files</Filter>
    </ClCompile>
    <ClCompile Include="D:\Download\Project_Fortran_Learn\test_make\jMetalCpp\src\problems\singleObjective\cec2005Competition\F22RotatedHybridComposition3HighCondNumMatrix.cpp">
      <Filter>Source Files</Filter>
    </ClCompile>
    <ClCompile Include="D:\Download\Project_Fortran_Learn\test_make\jMetalCpp\src\problems\singleObjective\cec2005Competition\F23NoncontinuousRotatedHybridComposition3.cpp">
      <Filter>Source Files</Filter>
    </ClCompile>
    <ClCompile Include="D:\Download\Project_Fortran_Learn\test_make\jMetalCpp\src\problems\singleObjective\cec2005Competition\F24RotatedHybridComposition4.cpp">
      <Filter>Source Files</Filter>
    </ClCompile>
    <ClCompile Include="D:\Download\Project_Fortran_Learn\test_make\jMetalCpp\src\problems\singleObjective\cec2005Competition\F25RotatedHybridComposition4Bound.cpp">
      <Filter>Source Files</Filter>
    </ClCompile>
    <ClCompile Include="D:\Download\Project_Fortran_Learn\test_make\jMetalCpp\src\problems\singleObjective\cec2005Competition\HCJob.cpp">
      <Filter>Source Files</Filter>
    </ClCompile>
    <ClCompile Include="D:\Download\Project_Fortran_Learn\test_make\jMetalCpp\src\problems\singleObjective\cec2005Competition\TestFunc.cpp">
      <Filter>Source Files</Filter>
    </ClCompile>
    <ClCompile Include="D:\Download\Project_Fortran_Learn\test_make\jMetalCpp\src\qualityIndicator\Epsilon.cpp">
      <Filter>Source Files</Filter>
    </ClCompile>
    <ClCompile Include="D:\Download\Project_Fortran_Learn\test_make\jMetalCpp\src\qualityIndicator\Fitness.cpp">
      <Filter>Source Files</Filter>
    </ClCompile>
    <ClCompile Include="D:\Download\Project_Fortran_Learn\test_make\jMetalCpp\src\qualityIndicator\GenerationalDistance.cpp">
      <Filter>Source Files</Filter>
    </ClCompile>
    <ClCompile Include="D:\Download\Project_Fortran_Learn\test_make\jMetalCpp\src\qualityIndicator\Hypervolume.cpp">
      <Filter>Source Files</Filter>
    </ClCompile>
    <ClCompile Include="D:\Download\Project_Fortran_Learn\test_make\jMetalCpp\src\qualityIndicator\InvertedGenerationalDistance.cpp">
      <Filter>Source Files</Filter>
    </ClCompile>
    <ClCompile Include="D:\Download\Project_Fortran_Learn\test_make\jMetalCpp\src\qualityIndicator\QualityIndicator.cpp">
      <Filter>Source Files</Filter>
    </ClCompile>
    <ClCompile Include="D:\Download\Project_Fortran_Learn\test_make\jMetalCpp\src\qualityIndicator\Spread.cpp">
      <Filter>Source Files</Filter>
    </ClCompile>
    <ClCompile Include="D:\Download\Project_Fortran_Learn\test_make\jMetalCpp\src\qualityIndicator\fastHypervolume\FastHypervolume.cpp">
      <Filter>Source Files</Filter>
    </ClCompile>
    <ClCompile Include="D:\Download\Project_Fortran_Learn\test_make\jMetalCpp\src\qualityIndicator\fastHypervolume\FastHypervolumeArchive.cpp">
      <Filter>Source Files</Filter>
    </ClCompile>
    <ClCompile Include="D:\Download\Project_Fortran_Learn\test_make\jMetalCpp\src\qualityIndicator\util\LexicoGraphicalComparator.cpp">
      <Filter>Source Files</Filter>
    </ClCompile>
    <ClCompile Include="D:\Download\Project_Fortran_Learn\test_make\jMetalCpp\src\qualityIndicator\util\MetricsUtil.cpp">
      <Filter>Source Files</Filter>
    </ClCompile>
    <ClCompile Include="D:\Download\Project_Fortran_Learn\test_make\jMetalCpp\src\util\AdaptiveGrid.cpp">
      <Filter>Source Files</Filter>
    </ClCompile>
    <ClCompile Include="D:\Download\Project_Fortran_Learn\test_make\jMetalCpp\src\util\AdaptiveRandomNeighborhood.cpp">
      <Filter>Source Files</Filter>
    </ClCompile>
    <ClCompile Include="D:\Download\Project_Fortran_Learn\test_make\jMetalCpp\src\util\Distance.cpp">
      <Filter>Source Files</Filter>
    </ClCompile>
    <ClCompile Include="D:\Download\Project_Fortran_Learn\test_make\jMetalCpp\src\util\NonDominatedSolutionList.cpp">
      <Filter>Source Files</Filter>
    </ClCompile>
    <ClCompile Include="D:\Download\Project_Fortran_Learn\test_make\jMetalCpp\src\util\PermutationUtility.cpp">
      <Filter>Source Files</Filter>
    </ClCompile>
    <ClCompile Include="D:\Download\Project_Fortran_Learn\test_make\jMetalCpp\src\util\PseudoRandom.cpp">
      <Filter>Source Files</Filter>
    </ClCompile>
    <ClCompile Include="D:\Download\Project_Fortran_Learn\test_make\jMetalCpp\src\util\RandomGenerator.cpp">
      <Filter>Source Files</Filter>
    </ClCompile>
    <ClCompile Include="D:\Download\Project_Fortran_Learn\test_make\jMetalCpp\src\util\Ranking.cpp">
      <Filter>Source Files</Filter>
    </ClCompile>
    <ClCompile Include="D:\Download\Project_Fortran_Learn\test_make\jMetalCpp\src\util\archive\AdaptiveGridArchive.cpp">
      <Filter>Source Files</Filter>
    </ClCompile>
    <ClCompile Include="D:\Download\Project_Fortran_Learn\test_make\jMetalCpp\src\util\archive\Archive.cpp">
      <Filter>Source Files</Filter>
    </ClCompile>
    <ClCompile Include="D:\Download\Project_Fortran_Learn\test_make\jMetalCpp\src\util\archive\CrowdingArchive.cpp">
      <Filter>Source Files</Filter>
    </ClCompile>
    <ClCompile Include="D:\Download\Project_Fortran_Learn\test_make\jMetalCpp\src\util\comparators\Comparator.cpp">
      <Filter>Source Files</Filter>
    </ClCompile>
    <ClCompile Include="D:\Download\Project_Fortran_Learn\test_make\jMetalCpp\src\util\comparators\CrowdingComparator.cpp">
      <Filter>Source Files</Filter>
    </ClCompile>
    <ClCompile Include="D:\Download\Project_Fortran_Learn\test_make\jMetalCpp\src\util\comparators\CrowdingDistanceComparator.cpp">
      <Filter>Source Files</Filter>
    </ClCompile>
    <ClCompile Include="D:\Download\Project_Fortran_Learn\test_make\jMetalCpp\src\util\comparators\DominanceComparator.cpp">
      <Filter>Source Files</Filter>
    </ClCompile>
    <ClCompile Include="D:\Download\Project_Fortran_Learn\test_make\jMetalCpp\src\util\comparators\EpsilonDominanceComparator.cpp">
      <Filter>Source Files</Filter>
    </ClCompile>
    <ClCompile Include="D:\Download\Project_Fortran_Learn\test_make\jMetalCpp\src\util\comparators\EpsilonObjectiveComparator.cpp">
      <Filter>Source Files</Filter>
    </ClCompile>
    <ClCompile Include="D:\Download\Project_Fortran_Learn\test_make\jMetalCpp\src\util\comparators\EqualSolutions.cpp">
      <Filter>Source Files</Filter>
    </ClCompile>
    <ClCompile Include="D:\Download\Project_Fortran_Learn\test_make\jMetalCpp\src\util\comparators\ObjectiveComparator.cpp">
      <Filter>Source Files</Filter>
    </ClCompile>
    <ClCompile Include="D:\Download\Project_Fortran_Learn\test_make\jMetalCpp\src\util\comparators\OverallConstraintViolationComparator.cpp">
      <Filter>Source Files</Filter>
    </ClCompile>
    <ClCompile Include="D:\Download\Project_Fortran_Learn\test_make\jMetalCpp\src\util\comparators\RankComparator.cpp">
      <Filter>Source Files</Filter>
    </ClCompile>
    <ClCompile Include="D:\Download\Project_Fortran_Learn\test_make\jMetalCpp\src\util\comparators\SolutionComparator.cpp">
      <Filter>Source Files</Filter>
    </ClCompile>
    <ClCompile Include="D:\Download\Project_Fortran_Learn\test_make\jMetalCpp\src\util\wrapper\XReal.cpp">
      <Filter>Source Files</Filter>
    </ClCompile>
  </ItemGroup>
  <ItemGroup>
    <ClInclude Include="D:\Download\Project_Fortran_Learn\test_make\jMetalCpp\src\core\Algorithm.h">
      <Filter>Header Files</Filter>
    </ClInclude>
    <ClInclude Include="D:\Download\Project_Fortran_Learn\test_make\jMetalCpp\src\core\Operator.h">
      <Filter>Header Files</Filter>
    </ClInclude>
    <ClInclude Include="D:\Download\Project_Fortran_Learn\test_make\jMetalCpp\src\core\Problem.h">
      <Filter>Header Files</Filter>
    </ClInclude>
    <ClInclude Include="D:\Download\Project_Fortran_Learn\test_make\jMetalCpp\src\core\Solution.h">
      <Filter>Header Files</Filter>
    </ClInclude>
    <ClInclude Include="D:\Download\Project_Fortran_Learn\test_make\jMetalCpp\src\core\SolutionSet.h">
      <Filter>Header Files</Filter>
    </ClInclude>
    <ClInclude Include="D:\Download\Project_Fortran_Learn\test_make\jMetalCpp\src\core\SolutionType.h">
      <Filter>Header Files</Filter>
    </ClInclude>
    <ClInclude Include="D:\Download\Project_Fortran_Learn\test_make\jMetalCpp\src\core\Variable.h">
      <Filter>Header Files</Filter>
    </ClInclude>
    <ClInclude Include="D:\Download\Project_Fortran_Learn\test_make\jMetalCpp\src\encodings\solutionType\ArrayRealSolutionType.h">
      <Filter>Header Files</Filter>
    </ClInclude>
    <ClInclude Include="D:\Download\Project_Fortran_Learn\test_make\jMetalCpp\src\encodings\solutionType\BinaryRealSolutionType.h">
      <Filter>Header Files</Filter>
    </ClInclude>
    <ClInclude Include="D:\Download\Project_Fortran_Learn\test_make\jMetalCpp\src\encodings\solutionType\BinarySolutionType.h">
      <Filter>Header Files</Filter>
    </ClInclude>
    <ClInclude Include="D:\Download\Project_Fortran_Learn\test_make\jMetalCpp\src\encodings\solutionType\IntNoneRepeatedSolutionType.h">
      <Filter>Header Files</Filter>
    </ClInclude>
    <ClInclude Include="D:\Download\Project_Fortran_Learn\test_make\jMetalCpp\src\encodings\solutionType\IntSolutionType.h">
      <Filter>Header Files</Filter>
    </ClInclude>
    <ClInclude Include="D:\Download\Project_Fortran_Learn\test_make\jMetalCpp\src\encodings\solutionType\RealSolutionType.h">
      <Filter>Header Files</Filter>
    </ClInclude>
    <ClInclude Include="D:\Download\Project_Fortran_Learn\test_make\jMetalCpp\src\encodings\variable\ArrayReal.h">
      <Filter>Header Files</Filter>
    </ClInclude>
    <ClInclude Include="D:\Download\Project_Fortran_Learn\test_make\jMetalCpp\src\encodings\variable\Binary.h">
      <Filter>Header Files</Filter>
    </ClInclude>
    <ClInclude Include="D:\Download\Project_Fortran_Learn\test_make\jMetalCpp\src\encodings\variable\BinaryReal.h">
      <Filter>Header Files</Filter>
    </ClInclude>
    <ClInclude Include="D:\Download\Project_Fortran_Learn\test_make\jMetalCpp\src\encodings\variable\Int.h">
      <Filter>Header Files</Filter>
    </ClInclude>
    <ClInclude Include="D:\Download\Project_Fortran_Learn\test_make\jMetalCpp\src\encodings\variable\Real.h">
      <Filter>Header Files</Filter>
    </ClInclude>
    <ClInclude Include="D:\Download\Project_Fortran_Learn\test_make\jMetalCpp\src\experiments\Experiment.h">
      <Filter>Header Files</Filter>
    </ClInclude>
    <ClInclude Include="D:\Download\Project_Fortran_Learn\test_make\jMetalCpp\src\experiments\ExperimentExecution.h">
      <Filter>Header Files</Filter>
    </ClInclude>
    <ClInclude Include="D:\Download\Project_Fortran_Learn\test_make\jMetalCpp\src\experiments\ExperimentIndividual.h">
      <Filter>Header Files</Filter>
    </ClInclude>
    <ClInclude Include="D:\Download\Project_Fortran_Learn\test_make\jMetalCpp\src\experiments\ExperimentReport.h">
      <Filter>Header Files</Filter>
    </ClInclude>
    <ClInclude Include="D:\Download\Project_Fortran_Learn\test_make\jMetalCpp\src\experiments\Settings.h">
      <Filter>Header Files</Filter>
    </ClInclude>
    <ClInclude Include="D:\Download\Project_Fortran_Learn\test_make\jMetalCpp\src\experiments\main\StandardStudyExecution.h">
      <Filter>Header Files</Filter>
    </ClInclude>
    <ClInclude Include="D:\Download\Project_Fortran_Learn\test_make\jMetalCpp\src\experiments\main\StandardStudyExecutionSO.h">
      <Filter>Header Files</Filter>
    </ClInclude>
    <ClInclude Include="D:\Download\Project_Fortran_Learn\test_make\jMetalCpp\src\experiments\main\StandardStudyReportPF.h">
      <Filter>Header Files</Filter>
    </ClInclude>
    <ClInclude Include="D:\Download\Project_Fortran_Learn\test_make\jMetalCpp\src\experiments\main\StandardStudyReportRF.h">
      <Filter>Header Files</Filter>
    </ClInclude>
    <ClInclude Include="D:\Download\Project_Fortran_Learn\test_make\jMetalCpp\src\experiments\main\StandardStudyReportSO.h">
      <Filter>Header Files</Filter>
    </ClInclude>
    <ClInclude Include="D:\Download\Project_Fortran_Learn\test_make\jMetalCpp\src\experiments\settings\DE_Settings.h">
      <Filter>Header Files</Filter>
    </ClInclude>
    <ClInclude Include="D:\Download\Project_Fortran_Learn\test_make\jMetalCpp\src\experiments\settings\GDE3_Settings.h">
      <Filter>Header Files</Filter>
    </ClInclude>
    <ClInclude Include="D:\Download\Project_Fortran_Learn\test_make\jMetalCpp\src\experiments\settings\NSGAII_Settings.h">
      <Filter>Header Files</Filter>
    </ClInclude>
    <ClInclude Include="D:\Download\Project_Fortran_Learn\test_make\jMetalCpp\src\experiments\settings\PSO_Settings.h">
      <Filter>Header Files</Filter>
    </ClInclude>
    <ClInclude Include="D:\Download\Project_Fortran_Learn\test_make\jMetalCpp\src\experiments\settings\SMPSO_Settings.h">
      <Filter>Header Files</Filter>
    </ClInclude>
    <ClInclude Include="D:\Download\Project_Fortran_Learn\test_make\jMetalCpp\src\experiments\settings\gGA_Settings.h">
      <Filter>Header Files</Filter>
    </ClInclude>
    <ClInclude Include="D:\Download\Project_Fortran_Learn\test_make\jMetalCpp\src\experiments\settings\ssGA_Settings.h">
      <Filter>Header Files</Filter>
    </ClInclude>
    <ClInclude Include="D:\Download\Project_Fortran_Learn\test_make\jMetalCpp\src\experiments\util\FileUtils.h">
      <Filter>Header Files</Filter>
    </ClInclude>
    <ClInclude Include="D:\Download\Project_Fortran_Learn\test_make\jMetalCpp\src\experiments\util\RBoxplot.h">
      <Filter>Header Files</Filter>
    </ClInclude>
    <ClInclude Include="D:\Download\Project_Fortran_Learn\test_make\jMetalCpp\src\experiments\util\RWilcoxon.h">
      <Filter>Header Files</Filter>
    </ClInclude>
    <ClInclude Include="D:\Download\Project_Fortran_Learn\test_make\jMetalCpp\src\experiments\util\RunExperiment.h">
      <Filter>Header Files</Filter>
    </ClInclude>
    <ClInclude Include="D:\Download\Project_Fortran_Learn\test_make\jMetalCpp\src\experiments\util\Statistics.h">
      <Filter>Header Files</Filter>
    </ClInclude>
    <ClInclude Include="D:\Download\Project_Fortran_Learn\test_make\jMetalCpp\src\metaheuristics\gde3\GDE3.h">
      <Filter>Header Files</Filter>
    </ClInclude>
    <ClInclude Include="D:\Download\Project_Fortran_Learn\test_make\jMetalCpp\src\metaheuristics\mochc\MOCHC.h">
      <Filter>Header Files</Filter>
    </ClInclude>
    <ClInclude Include="D:\Download\Project_Fortran_Learn\test_make\jMetalCpp\src\metaheuristics\moead\MOEAD.h">
      <Filter>Header Files</Filter>
    </ClInclude>
    <ClInclude Include="D:\Download\Project_Fortran_Learn\test_make\jMetalCpp\src\metaheuristics\moead\UtilsMOEAD.h">
      <Filter>Header Files</Filter>
    </ClInclude>
    <ClInclude Include="D:\Download\Project_Fortran_Learn\test_make\jMetalCpp\src\metaheuristics\nsgaII\NSGAII.h">
      <Filter>Header Files</Filter>
    </ClInclude>
    <ClInclude Include="D:\Download\Project_Fortran_Learn\test_make\jMetalCpp\src\metaheuristics\nsgaII\ssNSGAII.h">
      <Filter>Header Files</Filter>
    </ClInclude>
    <ClInclude Include="D:\Download\Project_Fortran_Learn\test_make\jMetalCpp\src\metaheuristics\omopso\OMOPSO.h">
      <Filter>Header Files</Filter>
    </ClInclude>
    <ClInclude Include="D:\Download\Project_Fortran_Learn\test_make\jMetalCpp\src\metaheuristics\paes\paes.h">
      <Filter>Header Files</Filter>
    </ClInclude>
    <ClInclude Include="D:\Download\Project_Fortran_Learn\test_make\jMetalCpp\src\metaheuristics\singleObjective\cmaes\CMAES.h">
      <Filter>Header Files</Filter>
    </ClInclude>
    <ClInclude Include="D:\Download\Project_Fortran_Learn\test_make\jMetalCpp\src\metaheuristics\singleObjective\cmaes\utils\UtilsCMAES.h">
      <Filter>Header Files</Filter>
    </ClInclude>
    <ClInclude Include="D:\Download\Project_Fortran_Learn\test_make\jMetalCpp\src\metaheuristics\singleObjective\differentialEvolution\DE.h">
      <Filter>Header Files</Filter>
    </ClInclude>
    <ClInclude Include="D:\Download\Project_Fortran_Learn\test_make\jMetalCpp\src\metaheuristics\singleObjective\geneticAlgorithm\gGA.h">
      <Filter>Header Files</Filter>
    </ClInclude>
    <ClInclude Include="D:\Download\Project_Fortran_Learn\test_make\jMetalCpp\src\metaheuristics\singleObjective\geneticAlgorithm\ssGA.h">
      <Filter>Header Files</Filter>
    </ClInclude>
    <ClInclude Include="D:\Download\Project_Fortran_Learn\test_make\jMetalCpp\src\metaheuristics\singleObjective\greyWolfOptimizer\GWO.h">
      <Filter>Header Files</Filter>
    </ClInclude>
    <ClInclude Include="D:\Download\Project_Fortran_Learn\test_make\jMetalCpp\src\metaheuristics\singleObjective\mothFlameOptimizer\MFO.h">
      <Filter>Header Files</Filter>
    </ClInclude>
    <ClInclude Include="D:\Download\Project_Fortran_Learn\test_make\jMetalCpp\src\metaheuristics\singleObjective\particleSwarmOptimization\PSO.h">
      <Filter>Header Files</Filter>
    </ClInclude>
    <ClInclude Include="D:\Download\Project_Fortran_Learn\test_make\jMetalCpp\src\metaheuristics\singleObjective\particleSwarmOptimization\StandardPSO2007.h">
      <Filter>Header Files</Filter>
    </ClInclude>
    <ClInclude Include="D:\Download\Project_Fortran_Learn\test_make\jMetalCpp\src\metaheuristics\singleObjective\particleSwarmOptimization\StandardPSO2011.h">
      <Filter>Header Files</Filter>
    </ClInclude>
    <ClInclude Include="D:\Download\Project_Fortran_Learn\test_make\jMetalCpp\src\metaheuristics\singleObjective\whaleOptimizer\WOA.h">
      <Filter>Header Files</Filter>
    </ClInclude>
    <ClInclude Include="D:\Download\Project_Fortran_Learn\test_make\jMetalCpp\src\metaheuristics\smpso\SMPSO.h">
      <Filter>Header Files</Filter>
    </ClInclude>
    <ClInclude Include="D:\Download\Project_Fortran_Learn\test_make\jMetalCpp\src\metaheuristics\smpso\SMPSOhv.h">
      <Filter>Header Files</Filter>
    </ClInclude>
    <ClInclude Include="D:\Download\Project_Fortran_Learn\test_make\jMetalCpp\src\metaheuristics\smsemoa\FastSMSEMOA.h">
      <Filter>Header Files</Filter>
    </ClInclude>
    <ClInclude Include="D:\Download\Project_Fortran_Learn\test_make\jMetalCpp\src\metaheuristics\smsemoa\SMSEMOA.h">
      <Filter>Header Files</Filter>
    </ClInclude>
    <ClInclude Include="D:\Download\Project_Fortran_Learn\test_make\jMetalCpp\src\operators\crossover\Crossover.h">
      <Filter>Header Files</Filter>
    </ClInclude>
    <ClInclude Include="D:\Download\Project_Fortran_Learn\test_make\jMetalCpp\src\operators\crossover\DifferentialEvolutionCrossover.h">
      <Filter>Header Files</Filter>
    </ClInclude>
    <ClInclude Include="D:\Download\Project_Fortran_Learn\test_make\jMetalCpp\src\operators\crossover\HUXCrossover.h">
      <Filter>Header Files</Filter>
    </ClInclude>
    <ClInclude Include="D:\Download\Project_Fortran_Learn\test_make\jMetalCpp\src\operators\crossover\OXCrossover.h">
      <Filter>Header Files</Filter>
    </ClInclude>
    <ClInclude Include="D:\Download\Project_Fortran_Learn\test_make\jMetalCpp\src\operators\crossover\PositionBasedCrossover.h">
      <Filter>Header Files</Filter>
    </ClInclude>
    <ClInclude Include="D:\Download\Project_Fortran_Learn\test_make\jMetalCpp\src\operators\crossover\SBXCrossover.h">
      <Filter>Header Files</Filter>
    </ClInclude>
    <ClInclude Include="D:\Download\Project_Fortran_Learn\test_make\jMetalCpp\src\operators\crossover\SinglePointCrossover.h">
      <Filter>Header Files</Filter>
    </ClInclude>
    <ClInclude Include="D:\Download\Project_Fortran_Learn\test_make\jMetalCpp\src\operators\mutation\BitFlipMutation.h">
      <Filter>Header Files</Filter>
    </ClInclude>
    <ClInclude Include="D:\Download\Project_Fortran_Learn\test_make\jMetalCpp\src\operators\mutation\InsertionMutation.h">
      <Filter>Header Files</Filter>
    </ClInclude>
    <ClInclude Include="D:\Download\Project_Fortran_Learn\test_make\jMetalCpp\src\operators\mutation\InversionMutation.h">
      <Filter>Header Files</Filter>
    </ClInclude>
    <ClInclude Include="D:\Download\Project_Fortran_Learn\test_make\jMetalCpp\src\operators\mutation\Mutation.h">
      <Filter>Header Files</Filter>
    </ClInclude>
    <ClInclude Include="D:\Download\Project_Fortran_Learn\test_make\jMetalCpp\src\operators\mutation\NonUniformMutation.h">
      <Filter>Header Files</Filter>
    </ClInclude>
    <ClInclude Include="D:\Download\Project_Fortran_Learn\test_make\jMetalCpp\src\operators\mutation\PolynomialMutation.h">
      <Filter>Header Files</Filter>
    </ClInclude>
    <ClInclude Include="D:\Download\Project_Fortran_Learn\test_make\jMetalCpp\src\operators\mutation\UniformMutation.h">
      <Filter>Header Files</Filter>
    </ClInclude>
    <ClInclude Include="D:\Download\Project_Fortran_Learn\test_make\jMetalCpp\src\operators\selection\BestSolutionSelection.h">
      <Filter>Header Files</Filter>
    </ClInclude>
    <ClInclude Include="D:\Download\Project_Fortran_Learn\test_make\jMetalCpp\src\operators\selection\BinaryTournament.h">
      <Filter>Header Files</Filter>
    </ClInclude>
    <ClInclude Include="D:\Download\Project_Fortran_Learn\test_make\jMetalCpp\src\operators\selection\BinaryTournament2.h">
      <Filter>Header Files</Filter>
    </ClInclude>
    <ClInclude Include="D:\Download\Project_Fortran_Learn\test_make\jMetalCpp\src\operators\selection\DifferentialEvolutionSelection.h">
      <Filter>Header Files</Filter>
    </ClInclude>
    <ClInclude Include="D:\Download\Project_Fortran_Learn\test_make\jMetalCpp\src\operators\selection\RandomSelection.h">
      <Filter>Header Files</Filter>
    </ClInclude>
    <ClInclude Include="D:\Download\Project_Fortran_Learn\test_make\jMetalCpp\src\operators\selection\Selection.h">
      <Filter>Header Files</Filter>
    </ClInclude>
    <ClInclude Include="D:\Download\Project_Fortran_Learn\test_make\jMetalCpp\src\operators\selection\WorstSolutionSelection.h">
      <Filter>Header Files</Filter>
    </ClInclude>
    <ClInclude Include="D:\Download\Project_Fortran_Learn\test_make\jMetalCpp\src\problems\DTLZ\DTLZ1.h">
      <Filter>Header Files</Filter>
    </ClInclude>
    <ClInclude Include="D:\Download\Project_Fortran_Learn\test_make\jMetalCpp\src\problems\DTLZ\DTLZ2.h">
      <Filter>Header Files</Filter>
    </ClInclude>
    <ClInclude Include="D:\Download\Project_Fortran_Learn\test_make\jMetalCpp\src\problems\DTLZ\DTLZ3.h">
      <Filter>Header Files</Filter>
    </ClInclude>
    <ClInclude Include="D:\Download\Project_Fortran_Learn\test_make\jMetalCpp\src\problems\DTLZ\DTLZ4.h">
      <Filter>Header Files</Filter>
    </ClInclude>
    <ClInclude Include="D:\Download\Project_Fortran_Learn\test_make\jMetalCpp\src\problems\DTLZ\DTLZ5.h">
      <Filter>Header Files</Filter>
    </ClInclude>
    <ClInclude Include="D:\Download\Project_Fortran_Learn\test_make\jMetalCpp\src\problems\DTLZ\DTLZ6.h">
      <Filter>Header Files</Filter>
    </ClInclude>
    <ClInclude Include="D:\Download\Project_Fortran_Learn\test_make\jMetalCpp\src\problems\DTLZ\DTLZ7.h">
      <Filter>Header Files</Filter>
    </ClInclude>
    <ClInclude Include="D:\Download\Project_Fortran_Learn\test_make\jMetalCpp\src\problems\Fonseca.h">
      <Filter>Header Files</Filter>
    </ClInclude>
    <ClInclude Include="D:\Download\Project_Fortran_Learn\test_make\jMetalCpp\src\problems\Kursawe.h">
      <Filter>Header Files</Filter>
    </ClInclude>
    <ClInclude Include="D:\Download\Project_Fortran_Learn\test_make\jMetalCpp\src\problems\LZ09\LZ09.h">
      <Filter>Header Files</Filter>
    </ClInclude>
    <ClInclude Include="D:\Download\Project_Fortran_Learn\test_make\jMetalCpp\src\problems\LZ09\LZ09_F1.h">
      <Filter>Header Files</Filter>
    </ClInclude>
    <ClInclude Include="D:\Download\Project_Fortran_Learn\test_make\jMetalCpp\src\problems\LZ09\LZ09_F2.h">
      <Filter>Header Files</Filter>
    </ClInclude>
    <ClInclude Include="D:\Download\Project_Fortran_Learn\test_make\jMetalCpp\src\problems\LZ09\LZ09_F3.h">
      <Filter>Header Files</Filter>
    </ClInclude>
    <ClInclude Include="D:\Download\Project_Fortran_Learn\test_make\jMetalCpp\src\problems\LZ09\LZ09_F4.h">
      <Filter>Header Files</Filter>
    </ClInclude>
    <ClInclude Include="D:\Download\Project_Fortran_Learn\test_make\jMetalCpp\src\problems\LZ09\LZ09_F5.h">
      <Filter>Header Files</Filter>
    </ClInclude>
    <ClInclude Include="D:\Download\Project_Fortran_Learn\test_make\jMetalCpp\src\problems\LZ09\LZ09_F6.h">
      <Filter>Header Files</Filter>
    </ClInclude>
    <ClInclude Include="D:\Download\Project_Fortran_Learn\test_make\jMetalCpp\src\problems\LZ09\LZ09_F7.h">
      <Filter>Header Files</Filter>
    </ClInclude>
    <ClInclude Include="D:\Download\Project_Fortran_Learn\test_make\jMetalCpp\src\problems\LZ09\LZ09_F8.h">
      <Filter>Header Files</Filter>
    </ClInclude>
    <ClInclude Include="D:\Download\Project_Fortran_Learn\test_make\jMetalCpp\src\problems\LZ09\LZ09_F9.h">
      <Filter>Header Files</Filter>
    </ClInclude>
    <ClInclude Include="D:\Download\Project_Fortran_Learn\test_make\jMetalCpp\src\problems\ProblemFactory.h">
      <Filter>Header Files</Filter>
    </ClInclude>
    <ClInclude Include="D:\Download\Project_Fortran_Learn\test_make\jMetalCpp\src\problems\Schaffer.h">
      <Filter>Header Files</Filter>
    </ClInclude>
    <ClInclude Include="D:\Download\Project_Fortran_Learn\test_make\jMetalCpp\src\problems\Srinivas.h">
      <Filter>Header Files</Filter>
    </ClInclude>
    <ClInclude Include="D:\Download\Project_Fortran_Learn\test_make\jMetalCpp\src\problems\Tanaka.h">
      <Filter>Header Files</Filter>
    </ClInclude>
    <ClInclude Include="D:\Download\Project_Fortran_Learn\test_make\jMetalCpp\src\problems\ZDT\ZDT1.h">
      <Filter>Header Files</Filter>
    </ClInclude>
    <ClInclude Include="D:\Download\Project_Fortran_Learn\test_make\jMetalCpp\src\problems\ZDT\ZDT2.h">
      <Filter>Header Files</Filter>
    </ClInclude>
    <ClInclude Include="D:\Download\Project_Fortran_Learn\test_make\jMetalCpp\src\problems\ZDT\ZDT3.h">
      <Filter>Header Files</Filter>
    </ClInclude>
    <ClInclude Include="D:\Download\Project_Fortran_Learn\test_make\jMetalCpp\src\problems\ZDT\ZDT4.h">
      <Filter>Header Files</Filter>
    </ClInclude>
    <ClInclude Include="D:\Download\Project_Fortran_Learn\test_make\jMetalCpp\src\problems\ZDT\ZDT5.h">
      <Filter>Header Files</Filter>
    </ClInclude>
    <ClInclude Include="D:\Download\Project_Fortran_Learn\test_make\jMetalCpp\src\problems\ZDT\ZDT6.h">
      <Filter>Header Files</Filter>
    </ClInclude>
    <ClInclude Include="D:\Download\Project_Fortran_Learn\test_make\jMetalCpp\src\problems\singleObjective\CEC2005Problem.h">
      <Filter>Header Files</Filter>
    </ClInclude>
    <ClInclude Include="D:\Download\Project_Fortran_Learn\test_make\jMetalCpp\src\problems\singleObjective\Griewank.h">
      <Filter>Header Files</Filter>
    </ClInclude>
    <ClInclude Include="D:\Download\Project_Fortran_Learn\test_make\jMetalCpp\src\problems\singleObjective\OneMax.h">
      <Filter>Header Files</Filter>
    </ClInclude>
    <ClInclude Include="D:\Download\Project_Fortran_Learn\test_make\jMetalCpp\src\problems\singleObjective\Rastrigin.h">
      <Filter>Header Files</Filter>
    </ClInclude>
    <ClInclude Include="D:\Download\Project_Fortran_Learn\test_make\jMetalCpp\src\problems\singleObjective\Rosenbrock.h">
      <Filter>Header Files</Filter>
    </ClInclude>
    <ClInclude Include="D:\Download\Project_Fortran_Learn\test_make\jMetalCpp\src\problems\singleObjective\Sphere.h">
      <Filter>Header Files</Filter>
    </ClInclude>
    <ClInclude Include="D:\Download\Project_Fortran_Learn\test_make\jMetalCpp\src\problems\singleObjective\cec2005Competition\Benchmark.h">
      <Filter>Header Files</Filter>
    </ClInclude>
    <ClInclude Include="D:\Download\Project_Fortran_Learn\test_make\jMetalCpp\src\problems\singleObjective\cec2005Competition\F01ShiftedSphere.h">
      <Filter>Header Files</Filter>
    </ClInclude>
    <ClInclude Include="D:\Download\Project_Fortran_Learn\test_make\jMetalCpp\src\problems\singleObjective\cec2005Competition\F02ShiftedSchwefel.h">
      <Filter>Header Files</Filter>
    </ClInclude>
    <ClInclude Include="D:\Download\Project_Fortran_Learn\test_make\jMetalCpp\src\problems\singleObjective\cec2005Competition\F03ShiftedRotatedHighCondElliptic.h">
      <Filter>Header Files</Filter>
    </ClInclude>
    <ClInclude Include="D:\Download\Project_Fortran_Learn\test_make\jMetalCpp\src\problems\singleObjective\cec2005Competition\F04ShiftedSchwefelNoise.h">
      <Filter>Header Files</Filter>
    </ClInclude>
    <ClInclude Include="D:\Download\Project_Fortran_Learn\test_make\jMetalCpp\src\problems\singleObjective\cec2005Competition\F05SchwefelGlobalOptBound.h">
      <Filter>Header Files</Filter>
    </ClInclude>
    <ClInclude Include="D:\Download\Project_Fortran_Learn\test_make\jMetalCpp\src\problems\singleObjective\cec2005Competition\F06ShiftedRosenbrock.h">
      <Filter>Header Files</Filter>
    </ClInclude>
    <ClInclude Include="D:\Download\Project_Fortran_Learn\test_make\jMetalCpp\src\problems\singleObjective\cec2005Competition\F07ShiftedRotatedGriewank.h">
      <Filter>Header Files</Filter>
    </ClInclude>
    <ClInclude Include="D:\Download\Project_Fortran_Learn\test_make\jMetalCpp\src\problems\singleObjective\cec2005Competition\F08ShiftedRotatedAckleyGlobalOptBound.h">
      <Filter>Header Files</Filter>
    </ClInclude>
    <ClInclude Include="D:\Download\Project_Fortran_Learn\test_make\jMetalCpp\src\problems\singleObjective\cec2005Competition\F09ShiftedRastrigin.h">
      <Filter>Header Files</Filter>
    </ClInclude>
    <ClInclude Include="D:\Download\Project_Fortran_Learn\test_make\jMetalCpp\src\problems\singleObjective\cec2005Competition\F10ShiftedRotatedRastrigin.h">
      <Filter>Header Files</Filter>
    </ClInclude>
    <ClInclude Include="D:\Download\Project_Fortran_Learn\test_make\jMetalCpp\src\problems\singleObjective\cec2005Competition\F11ShiftedRotatedWeierstrass.h">
      <Filter>Header Files</Filter>
    </ClInclude>
    <ClInclude Include="D:\Download\Project_Fortran_Learn\test_make\jMetalCpp\src\problems\singleObjective\cec2005Competition\F12Schwefel.h">
      <Filter>Header Files</Filter>
    </ClInclude>
    <ClInclude Include="D:\Download\Project_Fortran_Learn\test_make\jMetalCpp\src\problems\singleObjective\cec2005Competition\F13ShiftedExpandedGriewankRosenbrock.h">
      <Filter>Header Files</Filter>
    </ClInclude>
    <ClInclude Include="D:\Download\Project_Fortran_Learn\test_make\jMetalCpp\src\problems\singleObjective\cec2005Competition\F14ShiftedRotatedExpandedScaffer.h">
      <Filter>Header Files</Filter>
    </ClInclude>
    <ClInclude Include="D:\Download\Project_Fortran_Learn\test_make\jMetalCpp\src\problems\singleObjective\cec2005Competition\F15HybridComposition1.h">
      <Filter>Header Files</Filter>
    </ClInclude>
    <ClInclude Include="D:\Download\Project_Fortran_Learn\test_make\jMetalCpp\src\problems\singleObjective\cec2005Competition\F16RotatedHybridComposition1.h">
      <Filter>Header Files</Filter>
    </ClInclude>
    <ClInclude Include="D:\Download\Project_Fortran_Learn\test_make\jMetalCpp\src\problems\singleObjective\cec2005Competition\F17RotatedHybridComposition1Noise.h">
      <Filter>Header Files</Filter>
    </ClInclude>
    <ClInclude Include="D:\Download\Project_Fortran_Learn\test_make\jMetalCpp\src\problems\singleObjective\cec2005Competition\F18RotatedHybridComposition2.h">
      <Filter>Header Files</Filter>
    </ClInclude>
    <ClInclude Include="D:\Download\Project_Fortran_Learn\test_make\jMetalCpp\src\problems\singleObjective\cec2005Competition\F19RotatedHybridComposition2NarrowBasinGlobalOpt.h">
      <Filter>Header Files</Filter>
    </ClInclude>
    <ClInclude Include="D:\Download\Project_Fortran_Learn\test_make\jMetalCpp\src\problems\singleObjective\cec2005Competition\F20RotatedHybridComposition2GlobalOptBound.h">
      <Filter>Header Files</Filter>
    </ClInclude>
    <ClInclude Include="D:\Download\Project_Fortran_Learn\test_make\jMetalCpp\src\problems\singleObjective\cec2005Competition\F21RotatedHybridComposition3.h">
      <Filter>Header Files</Filter>
    </ClInclude>
    <ClInclude Include="D:\Download\Project_Fortran_Learn\test_make\jMetalCpp\src\problems\singleObjective\cec2005Competition\F22RotatedHybridComposition3HighCondNumMatrix.h">
      <Filter>Header Files</Filter>
    </ClInclude>
    <ClInclude Include="D:\Download\Project_Fortran_Learn\test_make\jMetalCpp\src\problems\singleObjective\cec2005Competition\F23NoncontinuousRotatedHybridComposition3.h">
      <Filter>Header Files</Filter>
    </ClInclude>
    <ClInclude Include="D:\Download\Project_Fortran_Learn\test_make\jMetalCpp\src\problems\singleObjective\cec2005Competition\F24RotatedHybridComposition4.h">
      <Filter>Header Files</Filter>
    </ClInclude>
    <ClInclude Include="D:\Download\Project_Fortran_Learn\test_make\jMetalCpp\src\problems\singleObjective\cec2005Competition\F25RotatedHybridComposition4Bound.h">
      <Filter>Header Files</Filter>
    </ClInclude>
    <ClInclude Include="D:\Download\Project_Fortran_Learn\test_make\jMetalCpp\src\problems\singleObjective\cec2005Competition\HCJob.h">
      <Filter>Header Files</Filter>
    </ClInclude>
    <ClInclude Include="D:\Download\Project_Fortran_Learn\test_make\jMetalCpp\src\problems\singleObjective\cec2005Competition\TestFunc.h">
      <Filter>Header Files</Filter>
    </ClInclude>
    <ClInclude Include="D:\Download\Project_Fortran_Learn\test_make\jMetalCpp\src\qualityIndicator\Epsilon.h">
      <Filter>Header Files</Filter>
    </ClInclude>
    <ClInclude Include="D:\Download\Project_Fortran_Learn\test_make\jMetalCpp\src\qualityIndicator\Fitness.h">
      <Filter>Header Files</Filter>
    </ClInclude>
    <ClInclude Include="D:\Download\Project_Fortran_Learn\test_make\jMetalCpp\src\qualityIndicator\GenerationalDistance.h">
      <Filter>Header Files</Filter>
    </ClInclude>
    <ClInclude Include="D:\Download\Project_Fortran_Learn\test_make\jMetalCpp\src\qualityIndicator\Hypervolume.h">
      <Filter>Header Files</Filter>
    </ClInclude>
    <ClInclude Include="D:\Download\Project_Fortran_Learn\test_make\jMetalCpp\src\qualityIndicator\InvertedGenerationalDistance.h">
      <Filter>Header Files</Filter>
    </ClInclude>
    <ClInclude Include="D:\Download\Project_Fortran_Learn\test_make\jMetalCpp\src\qualityIndicator\QualityIndicator.h">
      <Filter>Header Files</Filter>
    </ClInclude>
    <ClInclude Include="D:\Download\Project_Fortran_Learn\test_make\jMetalCpp\src\qualityIndicator\Spread.h">
      <Filter>Header Files</Filter>
    </ClInclude>
    <ClInclude Include="D:\Download\Project_Fortran_Learn\test_make\jMetalCpp\src\qualityIndicator\fastHypervolume\FastHypervolume.h">
      <Filter>Header Files</Filter>
    </ClInclude>
    <ClInclude Include="D:\Download\Project_Fortran_Learn\test_make\jMetalCpp\src\qualityIndicator\fastHypervolume\FastHypervolumeArchive.h">
      <Filter>Header Files</Filter>
    </ClInclude>
    <ClInclude Include="D:\Download\Project_Fortran_Learn\test_make\jMetalCpp\src\qualityIndicator\util\LexicoGraphicalComparator.h">
      <Filter>Header Files</Filter>
    </ClInclude>
    <ClInclude Include="D:\Download\Project_Fortran_Learn\test_make\jMetalCpp\src\qualityIndicator\util\MetricsUtil.h">
      <Filter>Header Files</Filter>
    </ClInclude>
    <ClInclude Include="D:\Download\Project_Fortran_Learn\test_make\jMetalCpp\src\util\AdaptiveGrid.h">
      <Filter>Header Files</Filter>
    </ClInclude>
    <ClInclude Include="D:\Download\Project_Fortran_Learn\test_make\jMetalCpp\src\util\AdaptiveRandomNeighborhood.h">
      <Filter>Header Files</Filter>
    </ClInclude>
    <ClInclude Include="D:\Download\Project_Fortran_Learn\test_make\jMetalCpp\src\util\Distance.h">
      <Filter>Header Files</Filter>
    </ClInclude>
    <ClInclude Include="D:\Download\Project_Fortran_Learn\test_make\jMetalCpp\src\util\NonDominatedSolutionList.h">
      <Filter>Header Files</Filter>
    </ClInclude>
    <ClInclude Include="D:\Download\Project_Fortran_Learn\test_make\jMetalCpp\src\util\PermutationUtility.h">
      <Filter>Header Files</Filter>
    </ClInclude>
    <ClInclude Include="D:\Download\Project_Fortran_Learn\test_make\jMetalCpp\src\util\PseudoRandom.h">
      <Filter>Header Files</Filter>
    </ClInclude>
    <ClInclude Include="D:\Download\Project_Fortran_Learn\test_make\jMetalCpp\src\util\RandomGenerator.h">
      <Filter>Header Files</Filter>
    </ClInclude>
    <ClInclude Include="D:\Download\Project_Fortran_Learn\test_make\jMetalCpp\src\util\Ranking.h">
      <Filter>Header Files</Filter>
    </ClInclude>
    <ClInclude Include="D:\Download\Project_Fortran_Learn\test_make\jMetalCpp\src\util\archive\AdaptiveGridArchive.h">
      <Filter>Header Files</Filter>
    </ClInclude>
    <ClInclude Include="D:\Download\Project_Fortran_Learn\test_make\jMetalCpp\src\util\archive\Archive.h">
      <Filter>Header Files</Filter>
    </ClInclude>
    <ClInclude Include="D:\Download\Project_Fortran_Learn\test_make\jMetalCpp\src\util\archive\CrowdingArchive.h">
      <Filter>Header Files</Filter>
    </ClInclude>
    <ClInclude Include="D:\Download\Project_Fortran_Learn\test_make\jMetalCpp\src\util\comparators\Comparator.h">
      <Filter>Header Files</Filter>
    </ClInclude>
    <ClInclude Include="D:\Download\Project_Fortran_Learn\test_make\jMetalCpp\src\util\comparators\CrowdingComparator.h">
      <Filter>Header Files</Filter>
    </ClInclude>
    <ClInclude Include="D:\Download\Project_Fortran_Learn\test_make\jMetalCpp\src\util\comparators\CrowdingDistanceComparator.h">
      <Filter>Header Files</Filter>
    </ClInclude>
    <ClInclude Include="D:\Download\Project_Fortran_Learn\test_make\jMetalCpp\src\util\comparators\DominanceComparator.h">
      <Filter>Header Files</Filter>
    </ClInclude>
    <ClInclude Include="D:\Download\Project_Fortran_Learn\test_make\jMetalCpp\src\util\comparators\EpsilonDominanceComparator.h">
      <Filter>Header Files</Filter>
    </ClInclude>
    <ClInclude Include="D:\Download\Project_Fortran_Learn\test_make\jMetalCpp\src\util\comparators\EpsilonObjectiveComparator.h">
      <Filter>Header Files</Filter>
    </ClInclude>
    <ClInclude Include="D:\Download\Project_Fortran_Learn\test_make\jMetalCpp\src\util\comparators\EqualSolutions.h">
      <Filter>Header Files</Filter>
    </ClInclude>
    <ClInclude Include="D:\Download\Project_Fortran_Learn\test_make\jMetalCpp\src\util\comparators\ObjectiveComparator.h">
      <Filter>Header Files</Filter>
    </ClInclude>
    <ClInclude Include="D:\Download\Project_Fortran_Learn\test_make\jMetalCpp\src\util\comparators\OverallConstraintViolationComparator.h">
      <Filter>Header Files</Filter>
    </ClInclude>
    <ClInclude Include="D:\Download\Project_Fortran_Learn\test_make\jMetalCpp\src\util\comparators\RankComparator.h">
      <Filter>Header Files</Filter>
    </ClInclude>
    <ClInclude Include="D:\Download\Project_Fortran_Learn\test_make\jMetalCpp\src\util\comparators\SolutionComparator.h">
      <Filter>Header Files</Filter>
    </ClInclude>
    <ClInclude Include="D:\Download\Project_Fortran_Learn\test_make\jMetalCpp\src\util\wrapper\XReal.h">
      <Filter>Header Files</Filter>
    </ClInclude>
  </ItemGroup>
  <ItemGroup>
    <CustomBuild Include="D:\Download\Project_Fortran_Learn\test_make\jMetalCpp\CMakeLists.txt" />
  </ItemGroup>
  <ItemGroup>
    <Filter Include="Header Files">
      <UniqueIdentifier>{DC7D8AAD-36DA-3CE7-A050-00B58396574A}</UniqueIdentifier>
    </Filter>
    <Filter Include="Source Files">
      <UniqueIdentifier>{28E6F48F-D072-398C-B6D1-C83B1B8263C6}</UniqueIdentifier>
    </Filter>
  </ItemGroup>
</Project>
