
Microsoft Visual Studio Solution File, Format Version 12.00
# Visual Studio Version 17
Project("{2150E333-8FDC-42A3-9474-1A3956D46DE8}") = "CMakePredefinedTargets", "CMakePredefinedTargets", "{91EDBF5F-0C9B-3BE8-B3C9-77F0BE17CEBB}"
EndProject
Project("{2150E333-8FDC-42A3-9474-1A3956D46DE8}") = "main", "main", "{E438CE2E-9760-3202-BC84-F0EFA49BB39D}"
EndProject
Project("{8BC9CEB8-8B4A-11D0-8D11-00A0C91BC942}") = "ALL_BUILD", "ALL_BUILD.vcxproj", "{1D0FA6F8-143A-3E8C-A819-10BD78E9DDF1}"
	ProjectSection(ProjectDependencies) = postProject
		{B495A211-0ADF-3353-8349-F3528F73E808} = {B495A211-0ADF-3353-8349-F3528F73E808}
		{ADC31406-789D-3BC6-882F-3CAB5A312468} = {ADC31406-789D-3BC6-882F-3CAB5A312468}
		{224C06F7-D28A-3265-9F6F-EC8A07694389} = {224C06F7-D28A-3265-9F6F-EC8A07694389}
		{0ED26845-CAFF-302D-B7B3-99591356839F} = {0ED26845-CAFF-302D-B7B3-99591356839F}
		{C90F68C5-7E97-3019-8FD5-B8D9D2228D62} = {C90F68C5-7E97-3019-8FD5-B8D9D2228D62}
		{0948B4C7-DC16-36FE-A028-F0017438412A} = {0948B4C7-DC16-36FE-A028-F0017438412A}
		{5C7412D6-EF50-3C29-A7F8-C94A8AC0322F} = {5C7412D6-EF50-3C29-A7F8-C94A8AC0322F}
		{8C959FA9-D843-3CD5-957E-7F5D1B57AE81} = {8C959FA9-D843-3CD5-957E-7F5D1B57AE81}
		{01331678-EAEF-38AF-941A-B4B01A87FB0D} = {01331678-EAEF-38AF-941A-B4B01A87FB0D}
		{AA1E62DB-4AD1-3014-9ED6-AD07193E6E11} = {AA1E62DB-4AD1-3014-9ED6-AD07193E6E11}
		{D79A2C3F-82A5-32B0-BA69-4792668FBFD0} = {D79A2C3F-82A5-32B0-BA69-4792668FBFD0}
		{D86423B3-50C2-374C-A68A-948008C6BCCE} = {D86423B3-50C2-374C-A68A-948008C6BCCE}
		{B19F38FE-2094-3821-8B71-3389C95356EB} = {B19F38FE-2094-3821-8B71-3389C95356EB}
		{372CAA48-2ADF-349F-86E8-A1AC8D1F5A50} = {372CAA48-2ADF-349F-86E8-A1AC8D1F5A50}
		{8983BF7B-0BDC-3EF2-BBAC-1233CEC5AC0F} = {8983BF7B-0BDC-3EF2-BBAC-1233CEC5AC0F}
		{768FD4C6-5E17-3029-8CE3-EA54794FBBD7} = {768FD4C6-5E17-3029-8CE3-EA54794FBBD7}
		{88957385-131D-3140-8FA4-1611DA7B83FA} = {88957385-131D-3140-8FA4-1611DA7B83FA}
		{19E23A1F-CFD5-3160-B4D4-49A814737DB0} = {19E23A1F-CFD5-3160-B4D4-49A814737DB0}
		{AACD7E66-1C29-3177-94BE-196F384253EF} = {AACD7E66-1C29-3177-94BE-196F384253EF}
		{94CD7F9C-FC7D-3CA8-AA5B-7D6A92C0A100} = {94CD7F9C-FC7D-3CA8-AA5B-7D6A92C0A100}
		{2B650B8F-8752-3B3A-B62C-34169B3C2969} = {2B650B8F-8752-3B3A-B62C-34169B3C2969}
		{1F31182B-8E86-3999-8D7B-9DE634245E7D} = {1F31182B-8E86-3999-8D7B-9DE634245E7D}
		{8D916E1C-A508-3287-A990-415290EAD780} = {8D916E1C-A508-3287-A990-415290EAD780}
		{F33C50CA-05B2-3F01-9DD7-3FB06295DCB0} = {F33C50CA-05B2-3F01-9DD7-3FB06295DCB0}
		{AE4924DE-CA69-3BD5-8410-5A2AF7743566} = {AE4924DE-CA69-3BD5-8410-5A2AF7743566}
		{2B5C468E-BEBA-3BF6-8E24-E9CE52B43337} = {2B5C468E-BEBA-3BF6-8E24-E9CE52B43337}
		{21BE7AEA-AE2B-31A4-A265-47086021ED3F} = {21BE7AEA-AE2B-31A4-A265-47086021ED3F}
		{3062D726-0081-3266-9024-62F36C97F202} = {3062D726-0081-3266-9024-62F36C97F202}
		{69585BC8-DE37-398B-BC66-817803B3D912} = {69585BC8-DE37-398B-BC66-817803B3D912}
		{1AD20420-C7E2-3224-BB89-FC16AA12D075} = {1AD20420-C7E2-3224-BB89-FC16AA12D075}
		{C2E4B33B-D0E0-3CC3-96AC-A937C4C4AF7E} = {C2E4B33B-D0E0-3CC3-96AC-A937C4C4AF7E}
		{AA951981-5238-3333-9CBC-FC1E9188A0A0} = {AA951981-5238-3333-9CBC-FC1E9188A0A0}
		{07AD9AED-85D1-3B07-AE8D-0BA721A6A6BD} = {07AD9AED-85D1-3B07-AE8D-0BA721A6A6BD}
		{735A34C4-BEDF-359E-935A-BAD6B9E5F39D} = {735A34C4-BEDF-359E-935A-BAD6B9E5F39D}
		{876394D9-819E-3B6A-B3C2-4E74250BE567} = {876394D9-819E-3B6A-B3C2-4E74250BE567}
	EndProjectSection
EndProject
Project("{8BC9CEB8-8B4A-11D0-8D11-00A0C91BC942}") = "CMAES_main", "CMAES_main.vcxproj", "{B495A211-0ADF-3353-8349-F3528F73E808}"
	ProjectSection(ProjectDependencies) = postProject
		{1AD20420-C7E2-3224-BB89-FC16AA12D075} = {1AD20420-C7E2-3224-BB89-FC16AA12D075}
		{07AD9AED-85D1-3B07-AE8D-0BA721A6A6BD} = {07AD9AED-85D1-3B07-AE8D-0BA721A6A6BD}
	EndProjectSection
EndProject
Project("{8BC9CEB8-8B4A-11D0-8D11-00A0C91BC942}") = "DE_main", "DE_main.vcxproj", "{ADC31406-789D-3BC6-882F-3CAB5A312468}"
	ProjectSection(ProjectDependencies) = postProject
		{1AD20420-C7E2-3224-BB89-FC16AA12D075} = {1AD20420-C7E2-3224-BB89-FC16AA12D075}
		{07AD9AED-85D1-3B07-AE8D-0BA721A6A6BD} = {07AD9AED-85D1-3B07-AE8D-0BA721A6A6BD}
	EndProjectSection
EndProject
Project("{8BC9CEB8-8B4A-11D0-8D11-00A0C91BC942}") = "Epsilon_main", "Epsilon_main.vcxproj", "{224C06F7-D28A-3265-9F6F-EC8A07694389}"
	ProjectSection(ProjectDependencies) = postProject
		{1AD20420-C7E2-3224-BB89-FC16AA12D075} = {1AD20420-C7E2-3224-BB89-FC16AA12D075}
		{07AD9AED-85D1-3B07-AE8D-0BA721A6A6BD} = {07AD9AED-85D1-3B07-AE8D-0BA721A6A6BD}
	EndProjectSection
EndProject
Project("{8BC9CEB8-8B4A-11D0-8D11-00A0C91BC942}") = "FastSMSEMOA_main", "FastSMSEMOA_main.vcxproj", "{0ED26845-CAFF-302D-B7B3-99591356839F}"
	ProjectSection(ProjectDependencies) = postProject
		{1AD20420-C7E2-3224-BB89-FC16AA12D075} = {1AD20420-C7E2-3224-BB89-FC16AA12D075}
		{07AD9AED-85D1-3B07-AE8D-0BA721A6A6BD} = {07AD9AED-85D1-3B07-AE8D-0BA721A6A6BD}
	EndProjectSection
EndProject
Project("{8BC9CEB8-8B4A-11D0-8D11-00A0C91BC942}") = "GDE3_main", "GDE3_main.vcxproj", "{C90F68C5-7E97-3019-8FD5-B8D9D2228D62}"
	ProjectSection(ProjectDependencies) = postProject
		{1AD20420-C7E2-3224-BB89-FC16AA12D075} = {1AD20420-C7E2-3224-BB89-FC16AA12D075}
		{07AD9AED-85D1-3B07-AE8D-0BA721A6A6BD} = {07AD9AED-85D1-3B07-AE8D-0BA721A6A6BD}
	EndProjectSection
EndProject
Project("{8BC9CEB8-8B4A-11D0-8D11-00A0C91BC942}") = "GWO_main", "GWO_main.vcxproj", "{0948B4C7-DC16-36FE-A028-F0017438412A}"
	ProjectSection(ProjectDependencies) = postProject
		{1AD20420-C7E2-3224-BB89-FC16AA12D075} = {1AD20420-C7E2-3224-BB89-FC16AA12D075}
		{07AD9AED-85D1-3B07-AE8D-0BA721A6A6BD} = {07AD9AED-85D1-3B07-AE8D-0BA721A6A6BD}
	EndProjectSection
EndProject
Project("{8BC9CEB8-8B4A-11D0-8D11-00A0C91BC942}") = "GenerationalDistance_main", "GenerationalDistance_main.vcxproj", "{5C7412D6-EF50-3C29-A7F8-C94A8AC0322F}"
	ProjectSection(ProjectDependencies) = postProject
		{1AD20420-C7E2-3224-BB89-FC16AA12D075} = {1AD20420-C7E2-3224-BB89-FC16AA12D075}
		{07AD9AED-85D1-3B07-AE8D-0BA721A6A6BD} = {07AD9AED-85D1-3B07-AE8D-0BA721A6A6BD}
	EndProjectSection
EndProject
Project("{8BC9CEB8-8B4A-11D0-8D11-00A0C91BC942}") = "Hypervolume_main", "Hypervolume_main.vcxproj", "{8C959FA9-D843-3CD5-957E-7F5D1B57AE81}"
	ProjectSection(ProjectDependencies) = postProject
		{1AD20420-C7E2-3224-BB89-FC16AA12D075} = {1AD20420-C7E2-3224-BB89-FC16AA12D075}
		{07AD9AED-85D1-3B07-AE8D-0BA721A6A6BD} = {07AD9AED-85D1-3B07-AE8D-0BA721A6A6BD}
	EndProjectSection
EndProject
Project("{8BC9CEB8-8B4A-11D0-8D11-00A0C91BC942}") = "INSTALL", "INSTALL.vcxproj", "{31D4A202-FE8F-3F87-9D99-096451862AE3}"
	ProjectSection(ProjectDependencies) = postProject
		{1D0FA6F8-143A-3E8C-A819-10BD78E9DDF1} = {1D0FA6F8-143A-3E8C-A819-10BD78E9DDF1}
		{1AD20420-C7E2-3224-BB89-FC16AA12D075} = {1AD20420-C7E2-3224-BB89-FC16AA12D075}
	EndProjectSection
EndProject
Project("{8BC9CEB8-8B4A-11D0-8D11-00A0C91BC942}") = "InvertedGenerationalDistance_main", "InvertedGenerationalDistance_main.vcxproj", "{01331678-EAEF-38AF-941A-B4B01A87FB0D}"
	ProjectSection(ProjectDependencies) = postProject
		{1AD20420-C7E2-3224-BB89-FC16AA12D075} = {1AD20420-C7E2-3224-BB89-FC16AA12D075}
		{07AD9AED-85D1-3B07-AE8D-0BA721A6A6BD} = {07AD9AED-85D1-3B07-AE8D-0BA721A6A6BD}
	EndProjectSection
EndProject
Project("{8BC9CEB8-8B4A-11D0-8D11-00A0C91BC942}") = "MFO_main", "MFO_main.vcxproj", "{AA1E62DB-4AD1-3014-9ED6-AD07193E6E11}"
	ProjectSection(ProjectDependencies) = postProject
		{1AD20420-C7E2-3224-BB89-FC16AA12D075} = {1AD20420-C7E2-3224-BB89-FC16AA12D075}
		{07AD9AED-85D1-3B07-AE8D-0BA721A6A6BD} = {07AD9AED-85D1-3B07-AE8D-0BA721A6A6BD}
	EndProjectSection
EndProject
Project("{8BC9CEB8-8B4A-11D0-8D11-00A0C91BC942}") = "MOCHC_main", "MOCHC_main.vcxproj", "{D79A2C3F-82A5-32B0-BA69-4792668FBFD0}"
	ProjectSection(ProjectDependencies) = postProject
		{1AD20420-C7E2-3224-BB89-FC16AA12D075} = {1AD20420-C7E2-3224-BB89-FC16AA12D075}
		{07AD9AED-85D1-3B07-AE8D-0BA721A6A6BD} = {07AD9AED-85D1-3B07-AE8D-0BA721A6A6BD}
	EndProjectSection
EndProject
Project("{8BC9CEB8-8B4A-11D0-8D11-00A0C91BC942}") = "MOEAD_main", "MOEAD_main.vcxproj", "{D86423B3-50C2-374C-A68A-948008C6BCCE}"
	ProjectSection(ProjectDependencies) = postProject
		{1AD20420-C7E2-3224-BB89-FC16AA12D075} = {1AD20420-C7E2-3224-BB89-FC16AA12D075}
		{07AD9AED-85D1-3B07-AE8D-0BA721A6A6BD} = {07AD9AED-85D1-3B07-AE8D-0BA721A6A6BD}
	EndProjectSection
EndProject
Project("{8BC9CEB8-8B4A-11D0-8D11-00A0C91BC942}") = "NSGAII_main", "NSGAII_main.vcxproj", "{B19F38FE-2094-3821-8B71-3389C95356EB}"
	ProjectSection(ProjectDependencies) = postProject
		{1AD20420-C7E2-3224-BB89-FC16AA12D075} = {1AD20420-C7E2-3224-BB89-FC16AA12D075}
		{07AD9AED-85D1-3B07-AE8D-0BA721A6A6BD} = {07AD9AED-85D1-3B07-AE8D-0BA721A6A6BD}
	EndProjectSection
EndProject
Project("{8BC9CEB8-8B4A-11D0-8D11-00A0C91BC942}") = "NSGAIIbin_main", "NSGAIIbin_main.vcxproj", "{372CAA48-2ADF-349F-86E8-A1AC8D1F5A50}"
	ProjectSection(ProjectDependencies) = postProject
		{1AD20420-C7E2-3224-BB89-FC16AA12D075} = {1AD20420-C7E2-3224-BB89-FC16AA12D075}
		{07AD9AED-85D1-3B07-AE8D-0BA721A6A6BD} = {07AD9AED-85D1-3B07-AE8D-0BA721A6A6BD}
	EndProjectSection
EndProject
Project("{8BC9CEB8-8B4A-11D0-8D11-00A0C91BC942}") = "OMOPSO_main", "OMOPSO_main.vcxproj", "{8983BF7B-0BDC-3EF2-BBAC-1233CEC5AC0F}"
	ProjectSection(ProjectDependencies) = postProject
		{1AD20420-C7E2-3224-BB89-FC16AA12D075} = {1AD20420-C7E2-3224-BB89-FC16AA12D075}
		{07AD9AED-85D1-3B07-AE8D-0BA721A6A6BD} = {07AD9AED-85D1-3B07-AE8D-0BA721A6A6BD}
	EndProjectSection
EndProject
Project("{8BC9CEB8-8B4A-11D0-8D11-00A0C91BC942}") = "PAES_main", "PAES_main.vcxproj", "{768FD4C6-5E17-3029-8CE3-EA54794FBBD7}"
	ProjectSection(ProjectDependencies) = postProject
		{1AD20420-C7E2-3224-BB89-FC16AA12D075} = {1AD20420-C7E2-3224-BB89-FC16AA12D075}
		{07AD9AED-85D1-3B07-AE8D-0BA721A6A6BD} = {07AD9AED-85D1-3B07-AE8D-0BA721A6A6BD}
	EndProjectSection
EndProject
Project("{8BC9CEB8-8B4A-11D0-8D11-00A0C91BC942}") = "PSO_main", "PSO_main.vcxproj", "{88957385-131D-3140-8FA4-1611DA7B83FA}"
	ProjectSection(ProjectDependencies) = postProject
		{1AD20420-C7E2-3224-BB89-FC16AA12D075} = {1AD20420-C7E2-3224-BB89-FC16AA12D075}
		{07AD9AED-85D1-3B07-AE8D-0BA721A6A6BD} = {07AD9AED-85D1-3B07-AE8D-0BA721A6A6BD}
	EndProjectSection
EndProject
Project("{8BC9CEB8-8B4A-11D0-8D11-00A0C91BC942}") = "SMPSO_main", "SMPSO_main.vcxproj", "{19E23A1F-CFD5-3160-B4D4-49A814737DB0}"
	ProjectSection(ProjectDependencies) = postProject
		{1AD20420-C7E2-3224-BB89-FC16AA12D075} = {1AD20420-C7E2-3224-BB89-FC16AA12D075}
		{07AD9AED-85D1-3B07-AE8D-0BA721A6A6BD} = {07AD9AED-85D1-3B07-AE8D-0BA721A6A6BD}
	EndProjectSection
EndProject
Project("{8BC9CEB8-8B4A-11D0-8D11-00A0C91BC942}") = "SMPSOhv_main", "SMPSOhv_main.vcxproj", "{AACD7E66-1C29-3177-94BE-196F384253EF}"
	ProjectSection(ProjectDependencies) = postProject
		{1AD20420-C7E2-3224-BB89-FC16AA12D075} = {1AD20420-C7E2-3224-BB89-FC16AA12D075}
		{07AD9AED-85D1-3B07-AE8D-0BA721A6A6BD} = {07AD9AED-85D1-3B07-AE8D-0BA721A6A6BD}
	EndProjectSection
EndProject
Project("{8BC9CEB8-8B4A-11D0-8D11-00A0C91BC942}") = "SMSEMOA_main", "SMSEMOA_main.vcxproj", "{94CD7F9C-FC7D-3CA8-AA5B-7D6A92C0A100}"
	ProjectSection(ProjectDependencies) = postProject
		{1AD20420-C7E2-3224-BB89-FC16AA12D075} = {1AD20420-C7E2-3224-BB89-FC16AA12D075}
		{07AD9AED-85D1-3B07-AE8D-0BA721A6A6BD} = {07AD9AED-85D1-3B07-AE8D-0BA721A6A6BD}
	EndProjectSection
EndProject
Project("{8BC9CEB8-8B4A-11D0-8D11-00A0C91BC942}") = "Spread_main", "Spread_main.vcxproj", "{2B650B8F-8752-3B3A-B62C-34169B3C2969}"
	ProjectSection(ProjectDependencies) = postProject
		{1AD20420-C7E2-3224-BB89-FC16AA12D075} = {1AD20420-C7E2-3224-BB89-FC16AA12D075}
		{07AD9AED-85D1-3B07-AE8D-0BA721A6A6BD} = {07AD9AED-85D1-3B07-AE8D-0BA721A6A6BD}
	EndProjectSection
EndProject
Project("{8BC9CEB8-8B4A-11D0-8D11-00A0C91BC942}") = "StandardPSO2007_main", "StandardPSO2007_main.vcxproj", "{1F31182B-8E86-3999-8D7B-9DE634245E7D}"
	ProjectSection(ProjectDependencies) = postProject
		{1AD20420-C7E2-3224-BB89-FC16AA12D075} = {1AD20420-C7E2-3224-BB89-FC16AA12D075}
		{07AD9AED-85D1-3B07-AE8D-0BA721A6A6BD} = {07AD9AED-85D1-3B07-AE8D-0BA721A6A6BD}
	EndProjectSection
EndProject
Project("{8BC9CEB8-8B4A-11D0-8D11-00A0C91BC942}") = "StandardPSO2011_main", "StandardPSO2011_main.vcxproj", "{8D916E1C-A508-3287-A990-415290EAD780}"
	ProjectSection(ProjectDependencies) = postProject
		{1AD20420-C7E2-3224-BB89-FC16AA12D075} = {1AD20420-C7E2-3224-BB89-FC16AA12D075}
		{07AD9AED-85D1-3B07-AE8D-0BA721A6A6BD} = {07AD9AED-85D1-3B07-AE8D-0BA721A6A6BD}
	EndProjectSection
EndProject
Project("{8BC9CEB8-8B4A-11D0-8D11-00A0C91BC942}") = "StandardStudyExecution", "StandardStudyExecution.vcxproj", "{F33C50CA-05B2-3F01-9DD7-3FB06295DCB0}"
	ProjectSection(ProjectDependencies) = postProject
		{1AD20420-C7E2-3224-BB89-FC16AA12D075} = {1AD20420-C7E2-3224-BB89-FC16AA12D075}
		{07AD9AED-85D1-3B07-AE8D-0BA721A6A6BD} = {07AD9AED-85D1-3B07-AE8D-0BA721A6A6BD}
	EndProjectSection
EndProject
Project("{8BC9CEB8-8B4A-11D0-8D11-00A0C91BC942}") = "StandardStudyExecutionSO", "StandardStudyExecutionSO.vcxproj", "{AE4924DE-CA69-3BD5-8410-5A2AF7743566}"
	ProjectSection(ProjectDependencies) = postProject
		{1AD20420-C7E2-3224-BB89-FC16AA12D075} = {1AD20420-C7E2-3224-BB89-FC16AA12D075}
		{07AD9AED-85D1-3B07-AE8D-0BA721A6A6BD} = {07AD9AED-85D1-3B07-AE8D-0BA721A6A6BD}
	EndProjectSection
EndProject
Project("{8BC9CEB8-8B4A-11D0-8D11-00A0C91BC942}") = "StandardStudyReportPF", "StandardStudyReportPF.vcxproj", "{2B5C468E-BEBA-3BF6-8E24-E9CE52B43337}"
	ProjectSection(ProjectDependencies) = postProject
		{1AD20420-C7E2-3224-BB89-FC16AA12D075} = {1AD20420-C7E2-3224-BB89-FC16AA12D075}
		{07AD9AED-85D1-3B07-AE8D-0BA721A6A6BD} = {07AD9AED-85D1-3B07-AE8D-0BA721A6A6BD}
	EndProjectSection
EndProject
Project("{8BC9CEB8-8B4A-11D0-8D11-00A0C91BC942}") = "StandardStudyReportRF", "StandardStudyReportRF.vcxproj", "{21BE7AEA-AE2B-31A4-A265-47086021ED3F}"
	ProjectSection(ProjectDependencies) = postProject
		{1AD20420-C7E2-3224-BB89-FC16AA12D075} = {1AD20420-C7E2-3224-BB89-FC16AA12D075}
		{07AD9AED-85D1-3B07-AE8D-0BA721A6A6BD} = {07AD9AED-85D1-3B07-AE8D-0BA721A6A6BD}
	EndProjectSection
EndProject
Project("{8BC9CEB8-8B4A-11D0-8D11-00A0C91BC942}") = "StandardStudyReportSO", "StandardStudyReportSO.vcxproj", "{3062D726-0081-3266-9024-62F36C97F202}"
	ProjectSection(ProjectDependencies) = postProject
		{1AD20420-C7E2-3224-BB89-FC16AA12D075} = {1AD20420-C7E2-3224-BB89-FC16AA12D075}
		{07AD9AED-85D1-3B07-AE8D-0BA721A6A6BD} = {07AD9AED-85D1-3B07-AE8D-0BA721A6A6BD}
	EndProjectSection
EndProject
Project("{8BC9CEB8-8B4A-11D0-8D11-00A0C91BC942}") = "WOA_main", "WOA_main.vcxproj", "{69585BC8-DE37-398B-BC66-817803B3D912}"
	ProjectSection(ProjectDependencies) = postProject
		{1AD20420-C7E2-3224-BB89-FC16AA12D075} = {1AD20420-C7E2-3224-BB89-FC16AA12D075}
		{07AD9AED-85D1-3B07-AE8D-0BA721A6A6BD} = {07AD9AED-85D1-3B07-AE8D-0BA721A6A6BD}
	EndProjectSection
EndProject
Project("{8BC9CEB8-8B4A-11D0-8D11-00A0C91BC942}") = "ZERO_CHECK", "ZERO_CHECK.vcxproj", "{1AD20420-C7E2-3224-BB89-FC16AA12D075}"
	ProjectSection(ProjectDependencies) = postProject
	EndProjectSection
EndProject
Project("{8BC9CEB8-8B4A-11D0-8D11-00A0C91BC942}") = "gGA_main", "gGA_main.vcxproj", "{C2E4B33B-D0E0-3CC3-96AC-A937C4C4AF7E}"
	ProjectSection(ProjectDependencies) = postProject
		{1AD20420-C7E2-3224-BB89-FC16AA12D075} = {1AD20420-C7E2-3224-BB89-FC16AA12D075}
		{07AD9AED-85D1-3B07-AE8D-0BA721A6A6BD} = {07AD9AED-85D1-3B07-AE8D-0BA721A6A6BD}
	EndProjectSection
EndProject
Project("{8BC9CEB8-8B4A-11D0-8D11-00A0C91BC942}") = "gGAbin_main", "gGAbin_main.vcxproj", "{AA951981-5238-3333-9CBC-FC1E9188A0A0}"
	ProjectSection(ProjectDependencies) = postProject
		{1AD20420-C7E2-3224-BB89-FC16AA12D075} = {1AD20420-C7E2-3224-BB89-FC16AA12D075}
		{07AD9AED-85D1-3B07-AE8D-0BA721A6A6BD} = {07AD9AED-85D1-3B07-AE8D-0BA721A6A6BD}
	EndProjectSection
EndProject
Project("{8BC9CEB8-8B4A-11D0-8D11-00A0C91BC942}") = "jmetal", "jmetal.vcxproj", "{07AD9AED-85D1-3B07-AE8D-0BA721A6A6BD}"
	ProjectSection(ProjectDependencies) = postProject
		{1AD20420-C7E2-3224-BB89-FC16AA12D075} = {1AD20420-C7E2-3224-BB89-FC16AA12D075}
	EndProjectSection
EndProject
Project("{8BC9CEB8-8B4A-11D0-8D11-00A0C91BC942}") = "ssGA_main", "ssGA_main.vcxproj", "{735A34C4-BEDF-359E-935A-BAD6B9E5F39D}"
	ProjectSection(ProjectDependencies) = postProject
		{1AD20420-C7E2-3224-BB89-FC16AA12D075} = {1AD20420-C7E2-3224-BB89-FC16AA12D075}
		{07AD9AED-85D1-3B07-AE8D-0BA721A6A6BD} = {07AD9AED-85D1-3B07-AE8D-0BA721A6A6BD}
	EndProjectSection
EndProject
Project("{8BC9CEB8-8B4A-11D0-8D11-00A0C91BC942}") = "ssNSGAII_main", "ssNSGAII_main.vcxproj", "{876394D9-819E-3B6A-B3C2-4E74250BE567}"
	ProjectSection(ProjectDependencies) = postProject
		{1AD20420-C7E2-3224-BB89-FC16AA12D075} = {1AD20420-C7E2-3224-BB89-FC16AA12D075}
		{07AD9AED-85D1-3B07-AE8D-0BA721A6A6BD} = {07AD9AED-85D1-3B07-AE8D-0BA721A6A6BD}
	EndProjectSection
EndProject
Global
	GlobalSection(SolutionConfigurationPlatforms) = preSolution
		Debug|x64 = Debug|x64
		Release|x64 = Release|x64
		MinSizeRel|x64 = MinSizeRel|x64
		RelWithDebInfo|x64 = RelWithDebInfo|x64
	EndGlobalSection
	GlobalSection(ProjectConfigurationPlatforms) = postSolution
		{1D0FA6F8-143A-3E8C-A819-10BD78E9DDF1}.Debug|x64.ActiveCfg = Debug|x64
		{1D0FA6F8-143A-3E8C-A819-10BD78E9DDF1}.Debug|x64.Build.0 = Debug|x64
		{1D0FA6F8-143A-3E8C-A819-10BD78E9DDF1}.Release|x64.ActiveCfg = Release|x64
		{1D0FA6F8-143A-3E8C-A819-10BD78E9DDF1}.Release|x64.Build.0 = Release|x64
		{1D0FA6F8-143A-3E8C-A819-10BD78E9DDF1}.MinSizeRel|x64.ActiveCfg = MinSizeRel|x64
		{1D0FA6F8-143A-3E8C-A819-10BD78E9DDF1}.MinSizeRel|x64.Build.0 = MinSizeRel|x64
		{1D0FA6F8-143A-3E8C-A819-10BD78E9DDF1}.RelWithDebInfo|x64.ActiveCfg = RelWithDebInfo|x64
		{1D0FA6F8-143A-3E8C-A819-10BD78E9DDF1}.RelWithDebInfo|x64.Build.0 = RelWithDebInfo|x64
		{B495A211-0ADF-3353-8349-F3528F73E808}.Debug|x64.ActiveCfg = Debug|x64
		{B495A211-0ADF-3353-8349-F3528F73E808}.Debug|x64.Build.0 = Debug|x64
		{B495A211-0ADF-3353-8349-F3528F73E808}.Release|x64.ActiveCfg = Release|x64
		{B495A211-0ADF-3353-8349-F3528F73E808}.Release|x64.Build.0 = Release|x64
		{B495A211-0ADF-3353-8349-F3528F73E808}.MinSizeRel|x64.ActiveCfg = MinSizeRel|x64
		{B495A211-0ADF-3353-8349-F3528F73E808}.MinSizeRel|x64.Build.0 = MinSizeRel|x64
		{B495A211-0ADF-3353-8349-F3528F73E808}.RelWithDebInfo|x64.ActiveCfg = RelWithDebInfo|x64
		{B495A211-0ADF-3353-8349-F3528F73E808}.RelWithDebInfo|x64.Build.0 = RelWithDebInfo|x64
		{ADC31406-789D-3BC6-882F-3CAB5A312468}.Debug|x64.ActiveCfg = Debug|x64
		{ADC31406-789D-3BC6-882F-3CAB5A312468}.Debug|x64.Build.0 = Debug|x64
		{ADC31406-789D-3BC6-882F-3CAB5A312468}.Release|x64.ActiveCfg = Release|x64
		{ADC31406-789D-3BC6-882F-3CAB5A312468}.Release|x64.Build.0 = Release|x64
		{ADC31406-789D-3BC6-882F-3CAB5A312468}.MinSizeRel|x64.ActiveCfg = MinSizeRel|x64
		{ADC31406-789D-3BC6-882F-3CAB5A312468}.MinSizeRel|x64.Build.0 = MinSizeRel|x64
		{ADC31406-789D-3BC6-882F-3CAB5A312468}.RelWithDebInfo|x64.ActiveCfg = RelWithDebInfo|x64
		{ADC31406-789D-3BC6-882F-3CAB5A312468}.RelWithDebInfo|x64.Build.0 = RelWithDebInfo|x64
		{224C06F7-D28A-3265-9F6F-EC8A07694389}.Debug|x64.ActiveCfg = Debug|x64
		{224C06F7-D28A-3265-9F6F-EC8A07694389}.Debug|x64.Build.0 = Debug|x64
		{224C06F7-D28A-3265-9F6F-EC8A07694389}.Release|x64.ActiveCfg = Release|x64
		{224C06F7-D28A-3265-9F6F-EC8A07694389}.Release|x64.Build.0 = Release|x64
		{224C06F7-D28A-3265-9F6F-EC8A07694389}.MinSizeRel|x64.ActiveCfg = MinSizeRel|x64
		{224C06F7-D28A-3265-9F6F-EC8A07694389}.MinSizeRel|x64.Build.0 = MinSizeRel|x64
		{224C06F7-D28A-3265-9F6F-EC8A07694389}.RelWithDebInfo|x64.ActiveCfg = RelWithDebInfo|x64
		{224C06F7-D28A-3265-9F6F-EC8A07694389}.RelWithDebInfo|x64.Build.0 = RelWithDebInfo|x64
		{0ED26845-CAFF-302D-B7B3-99591356839F}.Debug|x64.ActiveCfg = Debug|x64
		{0ED26845-CAFF-302D-B7B3-99591356839F}.Debug|x64.Build.0 = Debug|x64
		{0ED26845-CAFF-302D-B7B3-99591356839F}.Release|x64.ActiveCfg = Release|x64
		{0ED26845-CAFF-302D-B7B3-99591356839F}.Release|x64.Build.0 = Release|x64
		{0ED26845-CAFF-302D-B7B3-99591356839F}.MinSizeRel|x64.ActiveCfg = MinSizeRel|x64
		{0ED26845-CAFF-302D-B7B3-99591356839F}.MinSizeRel|x64.Build.0 = MinSizeRel|x64
		{0ED26845-CAFF-302D-B7B3-99591356839F}.RelWithDebInfo|x64.ActiveCfg = RelWithDebInfo|x64
		{0ED26845-CAFF-302D-B7B3-99591356839F}.RelWithDebInfo|x64.Build.0 = RelWithDebInfo|x64
		{C90F68C5-7E97-3019-8FD5-B8D9D2228D62}.Debug|x64.ActiveCfg = Debug|x64
		{C90F68C5-7E97-3019-8FD5-B8D9D2228D62}.Debug|x64.Build.0 = Debug|x64
		{C90F68C5-7E97-3019-8FD5-B8D9D2228D62}.Release|x64.ActiveCfg = Release|x64
		{C90F68C5-7E97-3019-8FD5-B8D9D2228D62}.Release|x64.Build.0 = Release|x64
		{C90F68C5-7E97-3019-8FD5-B8D9D2228D62}.MinSizeRel|x64.ActiveCfg = MinSizeRel|x64
		{C90F68C5-7E97-3019-8FD5-B8D9D2228D62}.MinSizeRel|x64.Build.0 = MinSizeRel|x64
		{C90F68C5-7E97-3019-8FD5-B8D9D2228D62}.RelWithDebInfo|x64.ActiveCfg = RelWithDebInfo|x64
		{C90F68C5-7E97-3019-8FD5-B8D9D2228D62}.RelWithDebInfo|x64.Build.0 = RelWithDebInfo|x64
		{0948B4C7-DC16-36FE-A028-F0017438412A}.Debug|x64.ActiveCfg = Debug|x64
		{0948B4C7-DC16-36FE-A028-F0017438412A}.Debug|x64.Build.0 = Debug|x64
		{0948B4C7-DC16-36FE-A028-F0017438412A}.Release|x64.ActiveCfg = Release|x64
		{0948B4C7-DC16-36FE-A028-F0017438412A}.Release|x64.Build.0 = Release|x64
		{0948B4C7-DC16-36FE-A028-F0017438412A}.MinSizeRel|x64.ActiveCfg = MinSizeRel|x64
		{0948B4C7-DC16-36FE-A028-F0017438412A}.MinSizeRel|x64.Build.0 = MinSizeRel|x64
		{0948B4C7-DC16-36FE-A028-F0017438412A}.RelWithDebInfo|x64.ActiveCfg = RelWithDebInfo|x64
		{0948B4C7-DC16-36FE-A028-F0017438412A}.RelWithDebInfo|x64.Build.0 = RelWithDebInfo|x64
		{5C7412D6-EF50-3C29-A7F8-C94A8AC0322F}.Debug|x64.ActiveCfg = Debug|x64
		{5C7412D6-EF50-3C29-A7F8-C94A8AC0322F}.Debug|x64.Build.0 = Debug|x64
		{5C7412D6-EF50-3C29-A7F8-C94A8AC0322F}.Release|x64.ActiveCfg = Release|x64
		{5C7412D6-EF50-3C29-A7F8-C94A8AC0322F}.Release|x64.Build.0 = Release|x64
		{5C7412D6-EF50-3C29-A7F8-C94A8AC0322F}.MinSizeRel|x64.ActiveCfg = MinSizeRel|x64
		{5C7412D6-EF50-3C29-A7F8-C94A8AC0322F}.MinSizeRel|x64.Build.0 = MinSizeRel|x64
		{5C7412D6-EF50-3C29-A7F8-C94A8AC0322F}.RelWithDebInfo|x64.ActiveCfg = RelWithDebInfo|x64
		{5C7412D6-EF50-3C29-A7F8-C94A8AC0322F}.RelWithDebInfo|x64.Build.0 = RelWithDebInfo|x64
		{8C959FA9-D843-3CD5-957E-7F5D1B57AE81}.Debug|x64.ActiveCfg = Debug|x64
		{8C959FA9-D843-3CD5-957E-7F5D1B57AE81}.Debug|x64.Build.0 = Debug|x64
		{8C959FA9-D843-3CD5-957E-7F5D1B57AE81}.Release|x64.ActiveCfg = Release|x64
		{8C959FA9-D843-3CD5-957E-7F5D1B57AE81}.Release|x64.Build.0 = Release|x64
		{8C959FA9-D843-3CD5-957E-7F5D1B57AE81}.MinSizeRel|x64.ActiveCfg = MinSizeRel|x64
		{8C959FA9-D843-3CD5-957E-7F5D1B57AE81}.MinSizeRel|x64.Build.0 = MinSizeRel|x64
		{8C959FA9-D843-3CD5-957E-7F5D1B57AE81}.RelWithDebInfo|x64.ActiveCfg = RelWithDebInfo|x64
		{8C959FA9-D843-3CD5-957E-7F5D1B57AE81}.RelWithDebInfo|x64.Build.0 = RelWithDebInfo|x64
		{31D4A202-FE8F-3F87-9D99-096451862AE3}.Debug|x64.ActiveCfg = Debug|x64
		{31D4A202-FE8F-3F87-9D99-096451862AE3}.Release|x64.ActiveCfg = Release|x64
		{31D4A202-FE8F-3F87-9D99-096451862AE3}.MinSizeRel|x64.ActiveCfg = MinSizeRel|x64
		{31D4A202-FE8F-3F87-9D99-096451862AE3}.RelWithDebInfo|x64.ActiveCfg = RelWithDebInfo|x64
		{01331678-EAEF-38AF-941A-B4B01A87FB0D}.Debug|x64.ActiveCfg = Debug|x64
		{01331678-EAEF-38AF-941A-B4B01A87FB0D}.Debug|x64.Build.0 = Debug|x64
		{01331678-EAEF-38AF-941A-B4B01A87FB0D}.Release|x64.ActiveCfg = Release|x64
		{01331678-EAEF-38AF-941A-B4B01A87FB0D}.Release|x64.Build.0 = Release|x64
		{01331678-EAEF-38AF-941A-B4B01A87FB0D}.MinSizeRel|x64.ActiveCfg = MinSizeRel|x64
		{01331678-EAEF-38AF-941A-B4B01A87FB0D}.MinSizeRel|x64.Build.0 = MinSizeRel|x64
		{01331678-EAEF-38AF-941A-B4B01A87FB0D}.RelWithDebInfo|x64.ActiveCfg = RelWithDebInfo|x64
		{01331678-EAEF-38AF-941A-B4B01A87FB0D}.RelWithDebInfo|x64.Build.0 = RelWithDebInfo|x64
		{AA1E62DB-4AD1-3014-9ED6-AD07193E6E11}.Debug|x64.ActiveCfg = Debug|x64
		{AA1E62DB-4AD1-3014-9ED6-AD07193E6E11}.Debug|x64.Build.0 = Debug|x64
		{AA1E62DB-4AD1-3014-9ED6-AD07193E6E11}.Release|x64.ActiveCfg = Release|x64
		{AA1E62DB-4AD1-3014-9ED6-AD07193E6E11}.Release|x64.Build.0 = Release|x64
		{AA1E62DB-4AD1-3014-9ED6-AD07193E6E11}.MinSizeRel|x64.ActiveCfg = MinSizeRel|x64
		{AA1E62DB-4AD1-3014-9ED6-AD07193E6E11}.MinSizeRel|x64.Build.0 = MinSizeRel|x64
		{AA1E62DB-4AD1-3014-9ED6-AD07193E6E11}.RelWithDebInfo|x64.ActiveCfg = RelWithDebInfo|x64
		{AA1E62DB-4AD1-3014-9ED6-AD07193E6E11}.RelWithDebInfo|x64.Build.0 = RelWithDebInfo|x64
		{D79A2C3F-82A5-32B0-BA69-4792668FBFD0}.Debug|x64.ActiveCfg = Debug|x64
		{D79A2C3F-82A5-32B0-BA69-4792668FBFD0}.Debug|x64.Build.0 = Debug|x64
		{D79A2C3F-82A5-32B0-BA69-4792668FBFD0}.Release|x64.ActiveCfg = Release|x64
		{D79A2C3F-82A5-32B0-BA69-4792668FBFD0}.Release|x64.Build.0 = Release|x64
		{D79A2C3F-82A5-32B0-BA69-4792668FBFD0}.MinSizeRel|x64.ActiveCfg = MinSizeRel|x64
		{D79A2C3F-82A5-32B0-BA69-4792668FBFD0}.MinSizeRel|x64.Build.0 = MinSizeRel|x64
		{D79A2C3F-82A5-32B0-BA69-4792668FBFD0}.RelWithDebInfo|x64.ActiveCfg = RelWithDebInfo|x64
		{D79A2C3F-82A5-32B0-BA69-4792668FBFD0}.RelWithDebInfo|x64.Build.0 = RelWithDebInfo|x64
		{D86423B3-50C2-374C-A68A-948008C6BCCE}.Debug|x64.ActiveCfg = Debug|x64
		{D86423B3-50C2-374C-A68A-948008C6BCCE}.Debug|x64.Build.0 = Debug|x64
		{D86423B3-50C2-374C-A68A-948008C6BCCE}.Release|x64.ActiveCfg = Release|x64
		{D86423B3-50C2-374C-A68A-948008C6BCCE}.Release|x64.Build.0 = Release|x64
		{D86423B3-50C2-374C-A68A-948008C6BCCE}.MinSizeRel|x64.ActiveCfg = MinSizeRel|x64
		{D86423B3-50C2-374C-A68A-948008C6BCCE}.MinSizeRel|x64.Build.0 = MinSizeRel|x64
		{D86423B3-50C2-374C-A68A-948008C6BCCE}.RelWithDebInfo|x64.ActiveCfg = RelWithDebInfo|x64
		{D86423B3-50C2-374C-A68A-948008C6BCCE}.RelWithDebInfo|x64.Build.0 = RelWithDebInfo|x64
		{B19F38FE-2094-3821-8B71-3389C95356EB}.Debug|x64.ActiveCfg = Debug|x64
		{B19F38FE-2094-3821-8B71-3389C95356EB}.Debug|x64.Build.0 = Debug|x64
		{B19F38FE-2094-3821-8B71-3389C95356EB}.Release|x64.ActiveCfg = Release|x64
		{B19F38FE-2094-3821-8B71-3389C95356EB}.Release|x64.Build.0 = Release|x64
		{B19F38FE-2094-3821-8B71-3389C95356EB}.MinSizeRel|x64.ActiveCfg = MinSizeRel|x64
		{B19F38FE-2094-3821-8B71-3389C95356EB}.MinSizeRel|x64.Build.0 = MinSizeRel|x64
		{B19F38FE-2094-3821-8B71-3389C95356EB}.RelWithDebInfo|x64.ActiveCfg = RelWithDebInfo|x64
		{B19F38FE-2094-3821-8B71-3389C95356EB}.RelWithDebInfo|x64.Build.0 = RelWithDebInfo|x64
		{372CAA48-2ADF-349F-86E8-A1AC8D1F5A50}.Debug|x64.ActiveCfg = Debug|x64
		{372CAA48-2ADF-349F-86E8-A1AC8D1F5A50}.Debug|x64.Build.0 = Debug|x64
		{372CAA48-2ADF-349F-86E8-A1AC8D1F5A50}.Release|x64.ActiveCfg = Release|x64
		{372CAA48-2ADF-349F-86E8-A1AC8D1F5A50}.Release|x64.Build.0 = Release|x64
		{372CAA48-2ADF-349F-86E8-A1AC8D1F5A50}.MinSizeRel|x64.ActiveCfg = MinSizeRel|x64
		{372CAA48-2ADF-349F-86E8-A1AC8D1F5A50}.MinSizeRel|x64.Build.0 = MinSizeRel|x64
		{372CAA48-2ADF-349F-86E8-A1AC8D1F5A50}.RelWithDebInfo|x64.ActiveCfg = RelWithDebInfo|x64
		{372CAA48-2ADF-349F-86E8-A1AC8D1F5A50}.RelWithDebInfo|x64.Build.0 = RelWithDebInfo|x64
		{8983BF7B-0BDC-3EF2-BBAC-1233CEC5AC0F}.Debug|x64.ActiveCfg = Debug|x64
		{8983BF7B-0BDC-3EF2-BBAC-1233CEC5AC0F}.Debug|x64.Build.0 = Debug|x64
		{8983BF7B-0BDC-3EF2-BBAC-1233CEC5AC0F}.Release|x64.ActiveCfg = Release|x64
		{8983BF7B-0BDC-3EF2-BBAC-1233CEC5AC0F}.Release|x64.Build.0 = Release|x64
		{8983BF7B-0BDC-3EF2-BBAC-1233CEC5AC0F}.MinSizeRel|x64.ActiveCfg = MinSizeRel|x64
		{8983BF7B-0BDC-3EF2-BBAC-1233CEC5AC0F}.MinSizeRel|x64.Build.0 = MinSizeRel|x64
		{8983BF7B-0BDC-3EF2-BBAC-1233CEC5AC0F}.RelWithDebInfo|x64.ActiveCfg = RelWithDebInfo|x64
		{8983BF7B-0BDC-3EF2-BBAC-1233CEC5AC0F}.RelWithDebInfo|x64.Build.0 = RelWithDebInfo|x64
		{768FD4C6-5E17-3029-8CE3-EA54794FBBD7}.Debug|x64.ActiveCfg = Debug|x64
		{768FD4C6-5E17-3029-8CE3-EA54794FBBD7}.Debug|x64.Build.0 = Debug|x64
		{768FD4C6-5E17-3029-8CE3-EA54794FBBD7}.Release|x64.ActiveCfg = Release|x64
		{768FD4C6-5E17-3029-8CE3-EA54794FBBD7}.Release|x64.Build.0 = Release|x64
		{768FD4C6-5E17-3029-8CE3-EA54794FBBD7}.MinSizeRel|x64.ActiveCfg = MinSizeRel|x64
		{768FD4C6-5E17-3029-8CE3-EA54794FBBD7}.MinSizeRel|x64.Build.0 = MinSizeRel|x64
		{768FD4C6-5E17-3029-8CE3-EA54794FBBD7}.RelWithDebInfo|x64.ActiveCfg = RelWithDebInfo|x64
		{768FD4C6-5E17-3029-8CE3-EA54794FBBD7}.RelWithDebInfo|x64.Build.0 = RelWithDebInfo|x64
		{88957385-131D-3140-8FA4-1611DA7B83FA}.Debug|x64.ActiveCfg = Debug|x64
		{88957385-131D-3140-8FA4-1611DA7B83FA}.Debug|x64.Build.0 = Debug|x64
		{88957385-131D-3140-8FA4-1611DA7B83FA}.Release|x64.ActiveCfg = Release|x64
		{88957385-131D-3140-8FA4-1611DA7B83FA}.Release|x64.Build.0 = Release|x64
		{88957385-131D-3140-8FA4-1611DA7B83FA}.MinSizeRel|x64.ActiveCfg = MinSizeRel|x64
		{88957385-131D-3140-8FA4-1611DA7B83FA}.MinSizeRel|x64.Build.0 = MinSizeRel|x64
		{88957385-131D-3140-8FA4-1611DA7B83FA}.RelWithDebInfo|x64.ActiveCfg = RelWithDebInfo|x64
		{88957385-131D-3140-8FA4-1611DA7B83FA}.RelWithDebInfo|x64.Build.0 = RelWithDebInfo|x64
		{19E23A1F-CFD5-3160-B4D4-49A814737DB0}.Debug|x64.ActiveCfg = Debug|x64
		{19E23A1F-CFD5-3160-B4D4-49A814737DB0}.Debug|x64.Build.0 = Debug|x64
		{19E23A1F-CFD5-3160-B4D4-49A814737DB0}.Release|x64.ActiveCfg = Release|x64
		{19E23A1F-CFD5-3160-B4D4-49A814737DB0}.Release|x64.Build.0 = Release|x64
		{19E23A1F-CFD5-3160-B4D4-49A814737DB0}.MinSizeRel|x64.ActiveCfg = MinSizeRel|x64
		{19E23A1F-CFD5-3160-B4D4-49A814737DB0}.MinSizeRel|x64.Build.0 = MinSizeRel|x64
		{19E23A1F-CFD5-3160-B4D4-49A814737DB0}.RelWithDebInfo|x64.ActiveCfg = RelWithDebInfo|x64
		{19E23A1F-CFD5-3160-B4D4-49A814737DB0}.RelWithDebInfo|x64.Build.0 = RelWithDebInfo|x64
		{AACD7E66-1C29-3177-94BE-196F384253EF}.Debug|x64.ActiveCfg = Debug|x64
		{AACD7E66-1C29-3177-94BE-196F384253EF}.Debug|x64.Build.0 = Debug|x64
		{AACD7E66-1C29-3177-94BE-196F384253EF}.Release|x64.ActiveCfg = Release|x64
		{AACD7E66-1C29-3177-94BE-196F384253EF}.Release|x64.Build.0 = Release|x64
		{AACD7E66-1C29-3177-94BE-196F384253EF}.MinSizeRel|x64.ActiveCfg = MinSizeRel|x64
		{AACD7E66-1C29-3177-94BE-196F384253EF}.MinSizeRel|x64.Build.0 = MinSizeRel|x64
		{AACD7E66-1C29-3177-94BE-196F384253EF}.RelWithDebInfo|x64.ActiveCfg = RelWithDebInfo|x64
		{AACD7E66-1C29-3177-94BE-196F384253EF}.RelWithDebInfo|x64.Build.0 = RelWithDebInfo|x64
		{94CD7F9C-FC7D-3CA8-AA5B-7D6A92C0A100}.Debug|x64.ActiveCfg = Debug|x64
		{94CD7F9C-FC7D-3CA8-AA5B-7D6A92C0A100}.Debug|x64.Build.0 = Debug|x64
		{94CD7F9C-FC7D-3CA8-AA5B-7D6A92C0A100}.Release|x64.ActiveCfg = Release|x64
		{94CD7F9C-FC7D-3CA8-AA5B-7D6A92C0A100}.Release|x64.Build.0 = Release|x64
		{94CD7F9C-FC7D-3CA8-AA5B-7D6A92C0A100}.MinSizeRel|x64.ActiveCfg = MinSizeRel|x64
		{94CD7F9C-FC7D-3CA8-AA5B-7D6A92C0A100}.MinSizeRel|x64.Build.0 = MinSizeRel|x64
		{94CD7F9C-FC7D-3CA8-AA5B-7D6A92C0A100}.RelWithDebInfo|x64.ActiveCfg = RelWithDebInfo|x64
		{94CD7F9C-FC7D-3CA8-AA5B-7D6A92C0A100}.RelWithDebInfo|x64.Build.0 = RelWithDebInfo|x64
		{2B650B8F-8752-3B3A-B62C-34169B3C2969}.Debug|x64.ActiveCfg = Debug|x64
		{2B650B8F-8752-3B3A-B62C-34169B3C2969}.Debug|x64.Build.0 = Debug|x64
		{2B650B8F-8752-3B3A-B62C-34169B3C2969}.Release|x64.ActiveCfg = Release|x64
		{2B650B8F-8752-3B3A-B62C-34169B3C2969}.Release|x64.Build.0 = Release|x64
		{2B650B8F-8752-3B3A-B62C-34169B3C2969}.MinSizeRel|x64.ActiveCfg = MinSizeRel|x64
		{2B650B8F-8752-3B3A-B62C-34169B3C2969}.MinSizeRel|x64.Build.0 = MinSizeRel|x64
		{2B650B8F-8752-3B3A-B62C-34169B3C2969}.RelWithDebInfo|x64.ActiveCfg = RelWithDebInfo|x64
		{2B650B8F-8752-3B3A-B62C-34169B3C2969}.RelWithDebInfo|x64.Build.0 = RelWithDebInfo|x64
		{1F31182B-8E86-3999-8D7B-9DE634245E7D}.Debug|x64.ActiveCfg = Debug|x64
		{1F31182B-8E86-3999-8D7B-9DE634245E7D}.Debug|x64.Build.0 = Debug|x64
		{1F31182B-8E86-3999-8D7B-9DE634245E7D}.Release|x64.ActiveCfg = Release|x64
		{1F31182B-8E86-3999-8D7B-9DE634245E7D}.Release|x64.Build.0 = Release|x64
		{1F31182B-8E86-3999-8D7B-9DE634245E7D}.MinSizeRel|x64.ActiveCfg = MinSizeRel|x64
		{1F31182B-8E86-3999-8D7B-9DE634245E7D}.MinSizeRel|x64.Build.0 = MinSizeRel|x64
		{1F31182B-8E86-3999-8D7B-9DE634245E7D}.RelWithDebInfo|x64.ActiveCfg = RelWithDebInfo|x64
		{1F31182B-8E86-3999-8D7B-9DE634245E7D}.RelWithDebInfo|x64.Build.0 = RelWithDebInfo|x64
		{8D916E1C-A508-3287-A990-415290EAD780}.Debug|x64.ActiveCfg = Debug|x64
		{8D916E1C-A508-3287-A990-415290EAD780}.Debug|x64.Build.0 = Debug|x64
		{8D916E1C-A508-3287-A990-415290EAD780}.Release|x64.ActiveCfg = Release|x64
		{8D916E1C-A508-3287-A990-415290EAD780}.Release|x64.Build.0 = Release|x64
		{8D916E1C-A508-3287-A990-415290EAD780}.MinSizeRel|x64.ActiveCfg = MinSizeRel|x64
		{8D916E1C-A508-3287-A990-415290EAD780}.MinSizeRel|x64.Build.0 = MinSizeRel|x64
		{8D916E1C-A508-3287-A990-415290EAD780}.RelWithDebInfo|x64.ActiveCfg = RelWithDebInfo|x64
		{8D916E1C-A508-3287-A990-415290EAD780}.RelWithDebInfo|x64.Build.0 = RelWithDebInfo|x64
		{F33C50CA-05B2-3F01-9DD7-3FB06295DCB0}.Debug|x64.ActiveCfg = Debug|x64
		{F33C50CA-05B2-3F01-9DD7-3FB06295DCB0}.Debug|x64.Build.0 = Debug|x64
		{F33C50CA-05B2-3F01-9DD7-3FB06295DCB0}.Release|x64.ActiveCfg = Release|x64
		{F33C50CA-05B2-3F01-9DD7-3FB06295DCB0}.Release|x64.Build.0 = Release|x64
		{F33C50CA-05B2-3F01-9DD7-3FB06295DCB0}.MinSizeRel|x64.ActiveCfg = MinSizeRel|x64
		{F33C50CA-05B2-3F01-9DD7-3FB06295DCB0}.MinSizeRel|x64.Build.0 = MinSizeRel|x64
		{F33C50CA-05B2-3F01-9DD7-3FB06295DCB0}.RelWithDebInfo|x64.ActiveCfg = RelWithDebInfo|x64
		{F33C50CA-05B2-3F01-9DD7-3FB06295DCB0}.RelWithDebInfo|x64.Build.0 = RelWithDebInfo|x64
		{AE4924DE-CA69-3BD5-8410-5A2AF7743566}.Debug|x64.ActiveCfg = Debug|x64
		{AE4924DE-CA69-3BD5-8410-5A2AF7743566}.Debug|x64.Build.0 = Debug|x64
		{AE4924DE-CA69-3BD5-8410-5A2AF7743566}.Release|x64.ActiveCfg = Release|x64
		{AE4924DE-CA69-3BD5-8410-5A2AF7743566}.Release|x64.Build.0 = Release|x64
		{AE4924DE-CA69-3BD5-8410-5A2AF7743566}.MinSizeRel|x64.ActiveCfg = MinSizeRel|x64
		{AE4924DE-CA69-3BD5-8410-5A2AF7743566}.MinSizeRel|x64.Build.0 = MinSizeRel|x64
		{AE4924DE-CA69-3BD5-8410-5A2AF7743566}.RelWithDebInfo|x64.ActiveCfg = RelWithDebInfo|x64
		{AE4924DE-CA69-3BD5-8410-5A2AF7743566}.RelWithDebInfo|x64.Build.0 = RelWithDebInfo|x64
		{2B5C468E-BEBA-3BF6-8E24-E9CE52B43337}.Debug|x64.ActiveCfg = Debug|x64
		{2B5C468E-BEBA-3BF6-8E24-E9CE52B43337}.Debug|x64.Build.0 = Debug|x64
		{2B5C468E-BEBA-3BF6-8E24-E9CE52B43337}.Release|x64.ActiveCfg = Release|x64
		{2B5C468E-BEBA-3BF6-8E24-E9CE52B43337}.Release|x64.Build.0 = Release|x64
		{2B5C468E-BEBA-3BF6-8E24-E9CE52B43337}.MinSizeRel|x64.ActiveCfg = MinSizeRel|x64
		{2B5C468E-BEBA-3BF6-8E24-E9CE52B43337}.MinSizeRel|x64.Build.0 = MinSizeRel|x64
		{2B5C468E-BEBA-3BF6-8E24-E9CE52B43337}.RelWithDebInfo|x64.ActiveCfg = RelWithDebInfo|x64
		{2B5C468E-BEBA-3BF6-8E24-E9CE52B43337}.RelWithDebInfo|x64.Build.0 = RelWithDebInfo|x64
		{21BE7AEA-AE2B-31A4-A265-47086021ED3F}.Debug|x64.ActiveCfg = Debug|x64
		{21BE7AEA-AE2B-31A4-A265-47086021ED3F}.Debug|x64.Build.0 = Debug|x64
		{21BE7AEA-AE2B-31A4-A265-47086021ED3F}.Release|x64.ActiveCfg = Release|x64
		{21BE7AEA-AE2B-31A4-A265-47086021ED3F}.Release|x64.Build.0 = Release|x64
		{21BE7AEA-AE2B-31A4-A265-47086021ED3F}.MinSizeRel|x64.ActiveCfg = MinSizeRel|x64
		{21BE7AEA-AE2B-31A4-A265-47086021ED3F}.MinSizeRel|x64.Build.0 = MinSizeRel|x64
		{21BE7AEA-AE2B-31A4-A265-47086021ED3F}.RelWithDebInfo|x64.ActiveCfg = RelWithDebInfo|x64
		{21BE7AEA-AE2B-31A4-A265-47086021ED3F}.RelWithDebInfo|x64.Build.0 = RelWithDebInfo|x64
		{3062D726-0081-3266-9024-62F36C97F202}.Debug|x64.ActiveCfg = Debug|x64
		{3062D726-0081-3266-9024-62F36C97F202}.Debug|x64.Build.0 = Debug|x64
		{3062D726-0081-3266-9024-62F36C97F202}.Release|x64.ActiveCfg = Release|x64
		{3062D726-0081-3266-9024-62F36C97F202}.Release|x64.Build.0 = Release|x64
		{3062D726-0081-3266-9024-62F36C97F202}.MinSizeRel|x64.ActiveCfg = MinSizeRel|x64
		{3062D726-0081-3266-9024-62F36C97F202}.MinSizeRel|x64.Build.0 = MinSizeRel|x64
		{3062D726-0081-3266-9024-62F36C97F202}.RelWithDebInfo|x64.ActiveCfg = RelWithDebInfo|x64
		{3062D726-0081-3266-9024-62F36C97F202}.RelWithDebInfo|x64.Build.0 = RelWithDebInfo|x64
		{69585BC8-DE37-398B-BC66-817803B3D912}.Debug|x64.ActiveCfg = Debug|x64
		{69585BC8-DE37-398B-BC66-817803B3D912}.Debug|x64.Build.0 = Debug|x64
		{69585BC8-DE37-398B-BC66-817803B3D912}.Release|x64.ActiveCfg = Release|x64
		{69585BC8-DE37-398B-BC66-817803B3D912}.Release|x64.Build.0 = Release|x64
		{69585BC8-DE37-398B-BC66-817803B3D912}.MinSizeRel|x64.ActiveCfg = MinSizeRel|x64
		{69585BC8-DE37-398B-BC66-817803B3D912}.MinSizeRel|x64.Build.0 = MinSizeRel|x64
		{69585BC8-DE37-398B-BC66-817803B3D912}.RelWithDebInfo|x64.ActiveCfg = RelWithDebInfo|x64
		{69585BC8-DE37-398B-BC66-817803B3D912}.RelWithDebInfo|x64.Build.0 = RelWithDebInfo|x64
		{1AD20420-C7E2-3224-BB89-FC16AA12D075}.Debug|x64.ActiveCfg = Debug|x64
		{1AD20420-C7E2-3224-BB89-FC16AA12D075}.Debug|x64.Build.0 = Debug|x64
		{1AD20420-C7E2-3224-BB89-FC16AA12D075}.Release|x64.ActiveCfg = Release|x64
		{1AD20420-C7E2-3224-BB89-FC16AA12D075}.Release|x64.Build.0 = Release|x64
		{1AD20420-C7E2-3224-BB89-FC16AA12D075}.MinSizeRel|x64.ActiveCfg = MinSizeRel|x64
		{1AD20420-C7E2-3224-BB89-FC16AA12D075}.MinSizeRel|x64.Build.0 = MinSizeRel|x64
		{1AD20420-C7E2-3224-BB89-FC16AA12D075}.RelWithDebInfo|x64.ActiveCfg = RelWithDebInfo|x64
		{1AD20420-C7E2-3224-BB89-FC16AA12D075}.RelWithDebInfo|x64.Build.0 = RelWithDebInfo|x64
		{C2E4B33B-D0E0-3CC3-96AC-A937C4C4AF7E}.Debug|x64.ActiveCfg = Debug|x64
		{C2E4B33B-D0E0-3CC3-96AC-A937C4C4AF7E}.Debug|x64.Build.0 = Debug|x64
		{C2E4B33B-D0E0-3CC3-96AC-A937C4C4AF7E}.Release|x64.ActiveCfg = Release|x64
		{C2E4B33B-D0E0-3CC3-96AC-A937C4C4AF7E}.Release|x64.Build.0 = Release|x64
		{C2E4B33B-D0E0-3CC3-96AC-A937C4C4AF7E}.MinSizeRel|x64.ActiveCfg = MinSizeRel|x64
		{C2E4B33B-D0E0-3CC3-96AC-A937C4C4AF7E}.MinSizeRel|x64.Build.0 = MinSizeRel|x64
		{C2E4B33B-D0E0-3CC3-96AC-A937C4C4AF7E}.RelWithDebInfo|x64.ActiveCfg = RelWithDebInfo|x64
		{C2E4B33B-D0E0-3CC3-96AC-A937C4C4AF7E}.RelWithDebInfo|x64.Build.0 = RelWithDebInfo|x64
		{AA951981-5238-3333-9CBC-FC1E9188A0A0}.Debug|x64.ActiveCfg = Debug|x64
		{AA951981-5238-3333-9CBC-FC1E9188A0A0}.Debug|x64.Build.0 = Debug|x64
		{AA951981-5238-3333-9CBC-FC1E9188A0A0}.Release|x64.ActiveCfg = Release|x64
		{AA951981-5238-3333-9CBC-FC1E9188A0A0}.Release|x64.Build.0 = Release|x64
		{AA951981-5238-3333-9CBC-FC1E9188A0A0}.MinSizeRel|x64.ActiveCfg = MinSizeRel|x64
		{AA951981-5238-3333-9CBC-FC1E9188A0A0}.MinSizeRel|x64.Build.0 = MinSizeRel|x64
		{AA951981-5238-3333-9CBC-FC1E9188A0A0}.RelWithDebInfo|x64.ActiveCfg = RelWithDebInfo|x64
		{AA951981-5238-3333-9CBC-FC1E9188A0A0}.RelWithDebInfo|x64.Build.0 = RelWithDebInfo|x64
		{07AD9AED-85D1-3B07-AE8D-0BA721A6A6BD}.Debug|x64.ActiveCfg = Debug|x64
		{07AD9AED-85D1-3B07-AE8D-0BA721A6A6BD}.Debug|x64.Build.0 = Debug|x64
		{07AD9AED-85D1-3B07-AE8D-0BA721A6A6BD}.Release|x64.ActiveCfg = Release|x64
		{07AD9AED-85D1-3B07-AE8D-0BA721A6A6BD}.Release|x64.Build.0 = Release|x64
		{07AD9AED-85D1-3B07-AE8D-0BA721A6A6BD}.MinSizeRel|x64.ActiveCfg = MinSizeRel|x64
		{07AD9AED-85D1-3B07-AE8D-0BA721A6A6BD}.MinSizeRel|x64.Build.0 = MinSizeRel|x64
		{07AD9AED-85D1-3B07-AE8D-0BA721A6A6BD}.RelWithDebInfo|x64.ActiveCfg = RelWithDebInfo|x64
		{07AD9AED-85D1-3B07-AE8D-0BA721A6A6BD}.RelWithDebInfo|x64.Build.0 = RelWithDebInfo|x64
		{735A34C4-BEDF-359E-935A-BAD6B9E5F39D}.Debug|x64.ActiveCfg = Debug|x64
		{735A34C4-BEDF-359E-935A-BAD6B9E5F39D}.Debug|x64.Build.0 = Debug|x64
		{735A34C4-BEDF-359E-935A-BAD6B9E5F39D}.Release|x64.ActiveCfg = Release|x64
		{735A34C4-BEDF-359E-935A-BAD6B9E5F39D}.Release|x64.Build.0 = Release|x64
		{735A34C4-BEDF-359E-935A-BAD6B9E5F39D}.MinSizeRel|x64.ActiveCfg = MinSizeRel|x64
		{735A34C4-BEDF-359E-935A-BAD6B9E5F39D}.MinSizeRel|x64.Build.0 = MinSizeRel|x64
		{735A34C4-BEDF-359E-935A-BAD6B9E5F39D}.RelWithDebInfo|x64.ActiveCfg = RelWithDebInfo|x64
		{735A34C4-BEDF-359E-935A-BAD6B9E5F39D}.RelWithDebInfo|x64.Build.0 = RelWithDebInfo|x64
		{876394D9-819E-3B6A-B3C2-4E74250BE567}.Debug|x64.ActiveCfg = Debug|x64
		{876394D9-819E-3B6A-B3C2-4E74250BE567}.Debug|x64.Build.0 = Debug|x64
		{876394D9-819E-3B6A-B3C2-4E74250BE567}.Release|x64.ActiveCfg = Release|x64
		{876394D9-819E-3B6A-B3C2-4E74250BE567}.Release|x64.Build.0 = Release|x64
		{876394D9-819E-3B6A-B3C2-4E74250BE567}.MinSizeRel|x64.ActiveCfg = MinSizeRel|x64
		{876394D9-819E-3B6A-B3C2-4E74250BE567}.MinSizeRel|x64.Build.0 = MinSizeRel|x64
		{876394D9-819E-3B6A-B3C2-4E74250BE567}.RelWithDebInfo|x64.ActiveCfg = RelWithDebInfo|x64
		{876394D9-819E-3B6A-B3C2-4E74250BE567}.RelWithDebInfo|x64.Build.0 = RelWithDebInfo|x64
	EndGlobalSection
	GlobalSection(NestedProjects) = preSolution
		{1D0FA6F8-143A-3E8C-A819-10BD78E9DDF1} = {91EDBF5F-0C9B-3BE8-B3C9-77F0BE17CEBB}
		{31D4A202-FE8F-3F87-9D99-096451862AE3} = {91EDBF5F-0C9B-3BE8-B3C9-77F0BE17CEBB}
		{1AD20420-C7E2-3224-BB89-FC16AA12D075} = {91EDBF5F-0C9B-3BE8-B3C9-77F0BE17CEBB}
		{B495A211-0ADF-3353-8349-F3528F73E808} = {E438CE2E-9760-3202-BC84-F0EFA49BB39D}
		{ADC31406-789D-3BC6-882F-3CAB5A312468} = {E438CE2E-9760-3202-BC84-F0EFA49BB39D}
		{224C06F7-D28A-3265-9F6F-EC8A07694389} = {E438CE2E-9760-3202-BC84-F0EFA49BB39D}
		{0ED26845-CAFF-302D-B7B3-99591356839F} = {E438CE2E-9760-3202-BC84-F0EFA49BB39D}
		{C90F68C5-7E97-3019-8FD5-B8D9D2228D62} = {E438CE2E-9760-3202-BC84-F0EFA49BB39D}
		{0948B4C7-DC16-36FE-A028-F0017438412A} = {E438CE2E-9760-3202-BC84-F0EFA49BB39D}
		{5C7412D6-EF50-3C29-A7F8-C94A8AC0322F} = {E438CE2E-9760-3202-BC84-F0EFA49BB39D}
		{8C959FA9-D843-3CD5-957E-7F5D1B57AE81} = {E438CE2E-9760-3202-BC84-F0EFA49BB39D}
		{01331678-EAEF-38AF-941A-B4B01A87FB0D} = {E438CE2E-9760-3202-BC84-F0EFA49BB39D}
		{AA1E62DB-4AD1-3014-9ED6-AD07193E6E11} = {E438CE2E-9760-3202-BC84-F0EFA49BB39D}
		{D79A2C3F-82A5-32B0-BA69-4792668FBFD0} = {E438CE2E-9760-3202-BC84-F0EFA49BB39D}
		{D86423B3-50C2-374C-A68A-948008C6BCCE} = {E438CE2E-9760-3202-BC84-F0EFA49BB39D}
		{B19F38FE-2094-3821-8B71-3389C95356EB} = {E438CE2E-9760-3202-BC84-F0EFA49BB39D}
		{372CAA48-2ADF-349F-86E8-A1AC8D1F5A50} = {E438CE2E-9760-3202-BC84-F0EFA49BB39D}
		{8983BF7B-0BDC-3EF2-BBAC-1233CEC5AC0F} = {E438CE2E-9760-3202-BC84-F0EFA49BB39D}
		{768FD4C6-5E17-3029-8CE3-EA54794FBBD7} = {E438CE2E-9760-3202-BC84-F0EFA49BB39D}
		{88957385-131D-3140-8FA4-1611DA7B83FA} = {E438CE2E-9760-3202-BC84-F0EFA49BB39D}
		{19E23A1F-CFD5-3160-B4D4-49A814737DB0} = {E438CE2E-9760-3202-BC84-F0EFA49BB39D}
		{AACD7E66-1C29-3177-94BE-196F384253EF} = {E438CE2E-9760-3202-BC84-F0EFA49BB39D}
		{94CD7F9C-FC7D-3CA8-AA5B-7D6A92C0A100} = {E438CE2E-9760-3202-BC84-F0EFA49BB39D}
		{2B650B8F-8752-3B3A-B62C-34169B3C2969} = {E438CE2E-9760-3202-BC84-F0EFA49BB39D}
		{1F31182B-8E86-3999-8D7B-9DE634245E7D} = {E438CE2E-9760-3202-BC84-F0EFA49BB39D}
		{8D916E1C-A508-3287-A990-415290EAD780} = {E438CE2E-9760-3202-BC84-F0EFA49BB39D}
		{F33C50CA-05B2-3F01-9DD7-3FB06295DCB0} = {E438CE2E-9760-3202-BC84-F0EFA49BB39D}
		{AE4924DE-CA69-3BD5-8410-5A2AF7743566} = {E438CE2E-9760-3202-BC84-F0EFA49BB39D}
		{2B5C468E-BEBA-3BF6-8E24-E9CE52B43337} = {E438CE2E-9760-3202-BC84-F0EFA49BB39D}
		{21BE7AEA-AE2B-31A4-A265-47086021ED3F} = {E438CE2E-9760-3202-BC84-F0EFA49BB39D}
		{3062D726-0081-3266-9024-62F36C97F202} = {E438CE2E-9760-3202-BC84-F0EFA49BB39D}
		{69585BC8-DE37-398B-BC66-817803B3D912} = {E438CE2E-9760-3202-BC84-F0EFA49BB39D}
		{C2E4B33B-D0E0-3CC3-96AC-A937C4C4AF7E} = {E438CE2E-9760-3202-BC84-F0EFA49BB39D}
		{AA951981-5238-3333-9CBC-FC1E9188A0A0} = {E438CE2E-9760-3202-BC84-F0EFA49BB39D}
		{735A34C4-BEDF-359E-935A-BAD6B9E5F39D} = {E438CE2E-9760-3202-BC84-F0EFA49BB39D}
		{876394D9-819E-3B6A-B3C2-4E74250BE567} = {E438CE2E-9760-3202-BC84-F0EFA49BB39D}
	EndGlobalSection
	GlobalSection(ExtensibilityGlobals) = postSolution
		SolutionGuid = {53686623-08B4-358B-B2D9-B6B87A7AE337}
	EndGlobalSection
	GlobalSection(ExtensibilityAddIns) = postSolution
	EndGlobalSection
EndGlobal
